
Microsoft Visual Studio Solution File, Format Version 12.00
# Visual Studio 15
VisualStudioVersion = 15.0.27130.0
MinimumVisualStudioVersion = 10.0.40219.1
Project("{FAE04EC0-301F-11D3-BF4B-00C04F79EFBC}") = "Web", "Web\Web.csproj", "{A2005B92-FE30-44BC-A158-ADF67680DBC9}"
EndProject
Project("{E53339B2-1760-4266-BCC7-CA923CBCF16C}") = "docker-compose", "docker-compose.dcproj", "{386EFF28-044F-4EB3-B20A-87A3357B5C9F}"
EndProject
Global
	GlobalSection(SolutionConfigurationPlatforms) = preSolution
		Debug|Any CPU = Debug|Any CPU
		Release|Any CPU = Release|Any CPU
	EndGlobalSection
	GlobalSection(ProjectConfigurationPlatforms) = postSolution
		{A2005B92-FE30-44BC-A158-ADF67680DBC9}.Debug|Any CPU.ActiveCfg = Debug|Any CPU
		{A2005B92-FE30-44BC-A158-ADF67680DBC9}.Debug|Any CPU.Build.0 = Debug|Any CPU
		{A2005B92-FE30-44BC-A158-ADF67680DBC9}.Release|Any CPU.ActiveCfg = Release|Any CPU
		{A2005B92-FE30-44BC-A158-ADF67680DBC9}.Release|Any CPU.Build.0 = Release|Any CPU
		{386EFF28-044F-4EB3-B20A-87A3357B5C9F}.Debug|Any CPU.ActiveCfg = Debug|Any CPU
		{386EFF28-044F-4EB3-B20A-87A3357B5C9F}.Debug|Any CPU.Build.0 = Debug|Any CPU
		{386EFF28-044F-4EB3-B20A-87A3357B5C9F}.Release|Any CPU.ActiveCfg = Release|Any CPU
		{386EFF28-044F-4EB3-B20A-87A3357B5C9F}.Release|Any CPU.Build.0 = Release|Any CPU
	EndGlobalSection
	GlobalSection(SolutionProperties) = preSolution
		HideSolutionNode = FALSE
	EndGlobalSection
	GlobalSection(ExtensibilityGlobals) = postSolution
		SolutionGuid = {13ABF3B3-E3E0-4DD0-B395-4C65ED570667}
	EndGlobalSection
EndGlobal
