
Microsoft Visual Studio Solution File, Format Version 12.00
# Visual Studio 15
VisualStudioVersion = 15.0.26124.0
MinimumVisualStudioVersion = 15.0.26124.0
Project("{FAE04EC0-301F-11D3-BF4B-00C04F79EFBC}") = "Concepts", "Concepts\Concepts.csproj", "{3ABD948F-92F1-4C1E-AA68-15F553857D32}"
EndProject
Project("{FAE04EC0-301F-11D3-BF4B-00C04F79EFBC}") = "Domain", "Domain\Domain.csproj", "{8C25579F-1041-440C-96B0-44869E2A7B82}"
EndProject
Project("{FAE04EC0-301F-11D3-BF4B-00C04F79EFBC}") = "Read", "Read\Read.csproj", "{3BA3F62A-DD53-4EF2-8D3A-50400DF9FD99}"
EndProject
Project("{FAE04EC0-301F-11D3-BF4B-00C04F79EFBC}") = "Events", "Events\Events.csproj", "{BCB881B8-91CC-48AA-92F7-CF9CE8630573}"
EndProject
Project("{FAE04EC0-301F-11D3-BF4B-00C04F79EFBC}") = "EntryPoint", "EntryPoint\EntryPoint.csproj", "{CF2DFA73-C784-46F2-BEA3-CAF23882CA06}"
EndProject
Project("{FAE04EC0-301F-11D3-BF4B-00C04F79EFBC}") = "Policy", "Policy\Policy.csproj", "{CF6C7CC4-B7E8-4805-B37B-FBD907267E7C}"
EndProject
Global
	GlobalSection(SolutionConfigurationPlatforms) = preSolution
		Debug|Any CPU = Debug|Any CPU
		Debug|x64 = Debug|x64
		Debug|x86 = Debug|x86
		Release|Any CPU = Release|Any CPU
		Release|x64 = Release|x64
		Release|x86 = Release|x86
	EndGlobalSection
	GlobalSection(SolutionProperties) = preSolution
		HideSolutionNode = FALSE
	EndGlobalSection
	GlobalSection(ProjectConfigurationPlatforms) = postSolution
		{3ABD948F-92F1-4C1E-AA68-15F553857D32}.Debug|Any CPU.ActiveCfg = Debug|Any CPU
		{3ABD948F-92F1-4C1E-AA68-15F553857D32}.Debug|Any CPU.Build.0 = Debug|Any CPU
		{3ABD948F-92F1-4C1E-AA68-15F553857D32}.Debug|x64.ActiveCfg = Debug|Any CPU
		{3ABD948F-92F1-4C1E-AA68-15F553857D32}.Debug|x64.Build.0 = Debug|Any CPU
		{3ABD948F-92F1-4C1E-AA68-15F553857D32}.Debug|x86.ActiveCfg = Debug|Any CPU
		{3ABD948F-92F1-4C1E-AA68-15F553857D32}.Debug|x86.Build.0 = Debug|Any CPU
		{3ABD948F-92F1-4C1E-AA68-15F553857D32}.Release|Any CPU.ActiveCfg = Release|Any CPU
		{3ABD948F-92F1-4C1E-AA68-15F553857D32}.Release|Any CPU.Build.0 = Release|Any CPU
		{3ABD948F-92F1-4C1E-AA68-15F553857D32}.Release|x64.ActiveCfg = Release|Any CPU
		{3ABD948F-92F1-4C1E-AA68-15F553857D32}.Release|x64.Build.0 = Release|Any CPU
		{3ABD948F-92F1-4C1E-AA68-15F553857D32}.Release|x86.ActiveCfg = Release|Any CPU
		{3ABD948F-92F1-4C1E-AA68-15F553857D32}.Release|x86.Build.0 = Release|Any CPU
		{8C25579F-1041-440C-96B0-44869E2A7B82}.Debug|Any CPU.ActiveCfg = Debug|Any CPU
		{8C25579F-1041-440C-96B0-44869E2A7B82}.Debug|Any CPU.Build.0 = Debug|Any CPU
		{8C25579F-1041-440C-96B0-44869E2A7B82}.Debug|x64.ActiveCfg = Debug|Any CPU
		{8C25579F-1041-440C-96B0-44869E2A7B82}.Debug|x64.Build.0 = Debug|Any CPU
		{8C25579F-1041-440C-96B0-44869E2A7B82}.Debug|x86.ActiveCfg = Debug|Any CPU
		{8C25579F-1041-440C-96B0-44869E2A7B82}.Debug|x86.Build.0 = Debug|Any CPU
		{8C25579F-1041-440C-96B0-44869E2A7B82}.Release|Any CPU.ActiveCfg = Release|Any CPU
		{8C25579F-1041-440C-96B0-44869E2A7B82}.Release|Any CPU.Build.0 = Release|Any CPU
		{8C25579F-1041-440C-96B0-44869E2A7B82}.Release|x64.ActiveCfg = Release|Any CPU
		{8C25579F-1041-440C-96B0-44869E2A7B82}.Release|x64.Build.0 = Release|Any CPU
		{8C25579F-1041-440C-96B0-44869E2A7B82}.Release|x86.ActiveCfg = Release|Any CPU
		{8C25579F-1041-440C-96B0-44869E2A7B82}.Release|x86.Build.0 = Release|Any CPU
		{3BA3F62A-DD53-4EF2-8D3A-50400DF9FD99}.Debug|Any CPU.ActiveCfg = Debug|Any CPU
		{3BA3F62A-DD53-4EF2-8D3A-50400DF9FD99}.Debug|Any CPU.Build.0 = Debug|Any CPU
		{3BA3F62A-DD53-4EF2-8D3A-50400DF9FD99}.Debug|x64.ActiveCfg = Debug|Any CPU
		{3BA3F62A-DD53-4EF2-8D3A-50400DF9FD99}.Debug|x64.Build.0 = Debug|Any CPU
		{3BA3F62A-DD53-4EF2-8D3A-50400DF9FD99}.Debug|x86.ActiveCfg = Debug|Any CPU
		{3BA3F62A-DD53-4EF2-8D3A-50400DF9FD99}.Debug|x86.Build.0 = Debug|Any CPU
		{3BA3F62A-DD53-4EF2-8D3A-50400DF9FD99}.Release|Any CPU.ActiveCfg = Release|Any CPU
		{3BA3F62A-DD53-4EF2-8D3A-50400DF9FD99}.Release|Any CPU.Build.0 = Release|Any CPU
		{3BA3F62A-DD53-4EF2-8D3A-50400DF9FD99}.Release|x64.ActiveCfg = Release|Any CPU
		{3BA3F62A-DD53-4EF2-8D3A-50400DF9FD99}.Release|x64.Build.0 = Release|Any CPU
		{3BA3F62A-DD53-4EF2-8D3A-50400DF9FD99}.Release|x86.ActiveCfg = Release|Any CPU
		{3BA3F62A-DD53-4EF2-8D3A-50400DF9FD99}.Release|x86.Build.0 = Release|Any CPU
		{BCB881B8-91CC-48AA-92F7-CF9CE8630573}.Debug|Any CPU.ActiveCfg = Debug|Any CPU
		{BCB881B8-91CC-48AA-92F7-CF9CE8630573}.Debug|Any CPU.Build.0 = Debug|Any CPU
		{BCB881B8-91CC-48AA-92F7-CF9CE8630573}.Debug|x64.ActiveCfg = Debug|Any CPU
		{BCB881B8-91CC-48AA-92F7-CF9CE8630573}.Debug|x64.Build.0 = Debug|Any CPU
		{BCB881B8-91CC-48AA-92F7-CF9CE8630573}.Debug|x86.ActiveCfg = Debug|Any CPU
		{BCB881B8-91CC-48AA-92F7-CF9CE8630573}.Debug|x86.Build.0 = Debug|Any CPU
		{BCB881B8-91CC-48AA-92F7-CF9CE8630573}.Release|Any CPU.ActiveCfg = Release|Any CPU
		{BCB881B8-91CC-48AA-92F7-CF9CE8630573}.Release|Any CPU.Build.0 = Release|Any CPU
		{BCB881B8-91CC-48AA-92F7-CF9CE8630573}.Release|x64.ActiveCfg = Release|Any CPU
		{BCB881B8-91CC-48AA-92F7-CF9CE8630573}.Release|x64.Build.0 = Release|Any CPU
		{BCB881B8-91CC-48AA-92F7-CF9CE8630573}.Release|x86.ActiveCfg = Release|Any CPU
		{BCB881B8-91CC-48AA-92F7-CF9CE8630573}.Release|x86.Build.0 = Release|Any CPU
		{CF2DFA73-C784-46F2-BEA3-CAF23882CA06}.Debug|Any CPU.ActiveCfg = Debug|Any CPU
		{CF2DFA73-C784-46F2-BEA3-CAF23882CA06}.Debug|Any CPU.Build.0 = Debug|Any CPU
		{CF2DFA73-C784-46F2-BEA3-CAF23882CA06}.Debug|x64.ActiveCfg = Debug|Any CPU
		{CF2DFA73-C784-46F2-BEA3-CAF23882CA06}.Debug|x64.Build.0 = Debug|Any CPU
		{CF2DFA73-C784-46F2-BEA3-CAF23882CA06}.Debug|x86.ActiveCfg = Debug|Any CPU
		{CF2DFA73-C784-46F2-BEA3-CAF23882CA06}.Debug|x86.Build.0 = Debug|Any CPU
		{CF2DFA73-C784-46F2-BEA3-CAF23882CA06}.Release|Any CPU.ActiveCfg = Release|Any CPU
		{CF2DFA73-C784-46F2-BEA3-CAF23882CA06}.Release|Any CPU.Build.0 = Release|Any CPU
		{CF2DFA73-C784-46F2-BEA3-CAF23882CA06}.Release|x64.ActiveCfg = Release|Any CPU
		{CF2DFA73-C784-46F2-BEA3-CAF23882CA06}.Release|x64.Build.0 = Release|Any CPU
		{CF2DFA73-C784-46F2-BEA3-CAF23882CA06}.Release|x86.ActiveCfg = Release|Any CPU
		{CF2DFA73-C784-46F2-BEA3-CAF23882CA06}.Release|x86.Build.0 = Release|Any CPU
		{CF6C7CC4-B7E8-4805-B37B-FBD907267E7C}.Debug|Any CPU.ActiveCfg = Debug|Any CPU
		{CF6C7CC4-B7E8-4805-B37B-FBD907267E7C}.Debug|Any CPU.Build.0 = Debug|Any CPU
		{CF6C7CC4-B7E8-4805-B37B-FBD907267E7C}.Debug|x64.ActiveCfg = Debug|Any CPU
		{CF6C7CC4-B7E8-4805-B37B-FBD907267E7C}.Debug|x64.Build.0 = Debug|Any CPU
		{CF6C7CC4-B7E8-4805-B37B-FBD907267E7C}.Debug|x86.ActiveCfg = Debug|Any CPU
		{CF6C7CC4-B7E8-4805-B37B-FBD907267E7C}.Debug|x86.Build.0 = Debug|Any CPU
		{CF6C7CC4-B7E8-4805-B37B-FBD907267E7C}.Release|Any CPU.ActiveCfg = Release|Any CPU
		{CF6C7CC4-B7E8-4805-B37B-FBD907267E7C}.Release|Any CPU.Build.0 = Release|Any CPU
		{CF6C7CC4-B7E8-4805-B37B-FBD907267E7C}.Release|x64.ActiveCfg = Release|Any CPU
		{CF6C7CC4-B7E8-4805-B37B-FBD907267E7C}.Release|x64.Build.0 = Release|Any CPU
		{CF6C7CC4-B7E8-4805-B37B-FBD907267E7C}.Release|x86.ActiveCfg = Release|Any CPU
		{CF6C7CC4-B7E8-4805-B37B-FBD907267E7C}.Release|x86.Build.0 = Release|Any CPU
	EndGlobalSection
EndGlobal
