
Microsoft Visual Studio Solution File, Format Version 12.00
# Visual Studio 15
VisualStudioVersion = 15.0.26730.8
MinimumVisualStudioVersion = 15.0.26124.0
Project("{9A19103F-16F7-4668-BE54-9A1E7A4F7556}") = "Web", "Web\Web.csproj", "{39FC4632-3667-463D-96E6-3F274B0C0163}"
EndProject
Project("{9A19103F-16F7-4668-BE54-9A1E7A4F7556}") = "Events", "Events\Events.csproj", "{E6F0A310-CAA3-46F0-88B5-8FD364554EE3}"
EndProject
Project("{9A19103F-16F7-4668-BE54-9A1E7A4F7556}") = "Domain", "Domain\Domain.csproj", "{D2CE4A3D-F053-4CE1-94F8-ED43460D3CEA}"
EndProject
Project("{9A19103F-16F7-4668-BE54-9A1E7A4F7556}") = "Read", "Read\Read.csproj", "{5851F1FE-2E89-4332-8BFF-93DC11998F57}"
EndProject
Project("{9A19103F-16F7-4668-BE54-9A1E7A4F7556}") = "Concepts", "Concepts\Concepts.csproj", "{A55B7B0C-53B4-4E27-BC83-0D8B8E2C8809}"
EndProject
Project("{9A19103F-16F7-4668-BE54-9A1E7A4F7556}") = "Infrastructure.Logging", "..\Infrastructure\Logging\Infrastructure.Logging.csproj", "{01DFB3EF-93C2-42EE-887A-CF4F63F567B4}"
EndProject
Project("{9A19103F-16F7-4668-BE54-9A1E7A4F7556}") = "Domain.Specs", "Domain.Specs\Domain.Specs.csproj", "{348723FC-C602-4C1E-9396-4316EA443C30}"
EndProject
Project("{9A19103F-16F7-4668-BE54-9A1E7A4F7556}") = "Policies", "Policies\Policies.csproj", "{4DC5A986-0CA0-4721-9696-59C48971AE06}"
EndProject
Project("{9A19103F-16F7-4668-BE54-9A1E7A4F7556}") = "Rules", "Rules\Rules.csproj", "{E39D0D02-BBB8-48A1-8194-37A0A533014C}"
EndProject
Project("{9A19103F-16F7-4668-BE54-9A1E7A4F7556}") = "Events.VolunteerReporting", "Events.VolunteerReporting\Events.VolunteerReporting.csproj", "{E70C5FA4-4660-43DC-9B06-7864C0E7110D}"
EndProject
Project("{9A19103F-16F7-4668-BE54-9A1E7A4F7556}") = "Infrastructure.MSpec", "..\Infrastructure\MSpec\Infrastructure.MSpec.csproj", "{10C8B45C-9436-4C57-B87D-EC555A514E53}"
EndProject
Global
	GlobalSection(SolutionConfigurationPlatforms) = preSolution
		Debug|Any CPU = Debug|Any CPU
		Debug|x64 = Debug|x64
		Debug|x86 = Debug|x86
		Release|Any CPU = Release|Any CPU
		Release|x64 = Release|x64
		Release|x86 = Release|x86
	EndGlobalSection
	GlobalSection(ProjectConfigurationPlatforms) = postSolution
		{39FC4632-3667-463D-96E6-3F274B0C0163}.Debug|Any CPU.ActiveCfg = Debug|Any CPU
		{39FC4632-3667-463D-96E6-3F274B0C0163}.Debug|Any CPU.Build.0 = Debug|Any CPU
		{39FC4632-3667-463D-96E6-3F274B0C0163}.Debug|x64.ActiveCfg = Debug|Any CPU
		{39FC4632-3667-463D-96E6-3F274B0C0163}.Debug|x64.Build.0 = Debug|Any CPU
		{39FC4632-3667-463D-96E6-3F274B0C0163}.Debug|x86.ActiveCfg = Debug|Any CPU
		{39FC4632-3667-463D-96E6-3F274B0C0163}.Debug|x86.Build.0 = Debug|Any CPU
		{39FC4632-3667-463D-96E6-3F274B0C0163}.Release|Any CPU.ActiveCfg = Release|Any CPU
		{39FC4632-3667-463D-96E6-3F274B0C0163}.Release|Any CPU.Build.0 = Release|Any CPU
		{39FC4632-3667-463D-96E6-3F274B0C0163}.Release|x64.ActiveCfg = Release|Any CPU
		{39FC4632-3667-463D-96E6-3F274B0C0163}.Release|x64.Build.0 = Release|Any CPU
		{39FC4632-3667-463D-96E6-3F274B0C0163}.Release|x86.ActiveCfg = Release|Any CPU
		{39FC4632-3667-463D-96E6-3F274B0C0163}.Release|x86.Build.0 = Release|Any CPU
		{E6F0A310-CAA3-46F0-88B5-8FD364554EE3}.Debug|Any CPU.ActiveCfg = Debug|Any CPU
		{E6F0A310-CAA3-46F0-88B5-8FD364554EE3}.Debug|Any CPU.Build.0 = Debug|Any CPU
		{E6F0A310-CAA3-46F0-88B5-8FD364554EE3}.Debug|x64.ActiveCfg = Debug|Any CPU
		{E6F0A310-CAA3-46F0-88B5-8FD364554EE3}.Debug|x64.Build.0 = Debug|Any CPU
		{E6F0A310-CAA3-46F0-88B5-8FD364554EE3}.Debug|x86.ActiveCfg = Debug|Any CPU
		{E6F0A310-CAA3-46F0-88B5-8FD364554EE3}.Debug|x86.Build.0 = Debug|Any CPU
		{E6F0A310-CAA3-46F0-88B5-8FD364554EE3}.Release|Any CPU.ActiveCfg = Release|Any CPU
		{E6F0A310-CAA3-46F0-88B5-8FD364554EE3}.Release|Any CPU.Build.0 = Release|Any CPU
		{E6F0A310-CAA3-46F0-88B5-8FD364554EE3}.Release|x64.ActiveCfg = Release|Any CPU
		{E6F0A310-CAA3-46F0-88B5-8FD364554EE3}.Release|x64.Build.0 = Release|Any CPU
		{E6F0A310-CAA3-46F0-88B5-8FD364554EE3}.Release|x86.ActiveCfg = Release|Any CPU
		{E6F0A310-CAA3-46F0-88B5-8FD364554EE3}.Release|x86.Build.0 = Release|Any CPU
		{D2CE4A3D-F053-4CE1-94F8-ED43460D3CEA}.Debug|Any CPU.ActiveCfg = Debug|Any CPU
		{D2CE4A3D-F053-4CE1-94F8-ED43460D3CEA}.Debug|Any CPU.Build.0 = Debug|Any CPU
		{D2CE4A3D-F053-4CE1-94F8-ED43460D3CEA}.Debug|x64.ActiveCfg = Debug|Any CPU
		{D2CE4A3D-F053-4CE1-94F8-ED43460D3CEA}.Debug|x64.Build.0 = Debug|Any CPU
		{D2CE4A3D-F053-4CE1-94F8-ED43460D3CEA}.Debug|x86.ActiveCfg = Debug|Any CPU
		{D2CE4A3D-F053-4CE1-94F8-ED43460D3CEA}.Debug|x86.Build.0 = Debug|Any CPU
		{D2CE4A3D-F053-4CE1-94F8-ED43460D3CEA}.Release|Any CPU.ActiveCfg = Release|Any CPU
		{D2CE4A3D-F053-4CE1-94F8-ED43460D3CEA}.Release|Any CPU.Build.0 = Release|Any CPU
		{D2CE4A3D-F053-4CE1-94F8-ED43460D3CEA}.Release|x64.ActiveCfg = Release|Any CPU
		{D2CE4A3D-F053-4CE1-94F8-ED43460D3CEA}.Release|x64.Build.0 = Release|Any CPU
		{D2CE4A3D-F053-4CE1-94F8-ED43460D3CEA}.Release|x86.ActiveCfg = Release|Any CPU
		{D2CE4A3D-F053-4CE1-94F8-ED43460D3CEA}.Release|x86.Build.0 = Release|Any CPU
		{5851F1FE-2E89-4332-8BFF-93DC11998F57}.Debug|Any CPU.ActiveCfg = Debug|Any CPU
		{5851F1FE-2E89-4332-8BFF-93DC11998F57}.Debug|Any CPU.Build.0 = Debug|Any CPU
		{5851F1FE-2E89-4332-8BFF-93DC11998F57}.Debug|x64.ActiveCfg = Debug|Any CPU
		{5851F1FE-2E89-4332-8BFF-93DC11998F57}.Debug|x64.Build.0 = Debug|Any CPU
		{5851F1FE-2E89-4332-8BFF-93DC11998F57}.Debug|x86.ActiveCfg = Debug|Any CPU
		{5851F1FE-2E89-4332-8BFF-93DC11998F57}.Debug|x86.Build.0 = Debug|Any CPU
		{5851F1FE-2E89-4332-8BFF-93DC11998F57}.Release|Any CPU.ActiveCfg = Release|Any CPU
		{5851F1FE-2E89-4332-8BFF-93DC11998F57}.Release|Any CPU.Build.0 = Release|Any CPU
		{5851F1FE-2E89-4332-8BFF-93DC11998F57}.Release|x64.ActiveCfg = Release|Any CPU
		{5851F1FE-2E89-4332-8BFF-93DC11998F57}.Release|x64.Build.0 = Release|Any CPU
		{5851F1FE-2E89-4332-8BFF-93DC11998F57}.Release|x86.ActiveCfg = Release|Any CPU
		{5851F1FE-2E89-4332-8BFF-93DC11998F57}.Release|x86.Build.0 = Release|Any CPU
		{A55B7B0C-53B4-4E27-BC83-0D8B8E2C8809}.Debug|Any CPU.ActiveCfg = Debug|Any CPU
		{A55B7B0C-53B4-4E27-BC83-0D8B8E2C8809}.Debug|Any CPU.Build.0 = Debug|Any CPU
		{A55B7B0C-53B4-4E27-BC83-0D8B8E2C8809}.Debug|x64.ActiveCfg = Debug|Any CPU
		{A55B7B0C-53B4-4E27-BC83-0D8B8E2C8809}.Debug|x64.Build.0 = Debug|Any CPU
		{A55B7B0C-53B4-4E27-BC83-0D8B8E2C8809}.Debug|x86.ActiveCfg = Debug|Any CPU
		{A55B7B0C-53B4-4E27-BC83-0D8B8E2C8809}.Debug|x86.Build.0 = Debug|Any CPU
		{A55B7B0C-53B4-4E27-BC83-0D8B8E2C8809}.Release|Any CPU.ActiveCfg = Release|Any CPU
		{A55B7B0C-53B4-4E27-BC83-0D8B8E2C8809}.Release|Any CPU.Build.0 = Release|Any CPU
		{A55B7B0C-53B4-4E27-BC83-0D8B8E2C8809}.Release|x64.ActiveCfg = Release|Any CPU
		{A55B7B0C-53B4-4E27-BC83-0D8B8E2C8809}.Release|x64.Build.0 = Release|Any CPU
		{A55B7B0C-53B4-4E27-BC83-0D8B8E2C8809}.Release|x86.ActiveCfg = Release|Any CPU
		{A55B7B0C-53B4-4E27-BC83-0D8B8E2C8809}.Release|x86.Build.0 = Release|Any CPU
		{01DFB3EF-93C2-42EE-887A-CF4F63F567B4}.Debug|Any CPU.ActiveCfg = Debug|Any CPU
		{01DFB3EF-93C2-42EE-887A-CF4F63F567B4}.Debug|Any CPU.Build.0 = Debug|Any CPU
		{01DFB3EF-93C2-42EE-887A-CF4F63F567B4}.Debug|x64.ActiveCfg = Debug|Any CPU
		{01DFB3EF-93C2-42EE-887A-CF4F63F567B4}.Debug|x64.Build.0 = Debug|Any CPU
		{01DFB3EF-93C2-42EE-887A-CF4F63F567B4}.Debug|x86.ActiveCfg = Debug|Any CPU
		{01DFB3EF-93C2-42EE-887A-CF4F63F567B4}.Debug|x86.Build.0 = Debug|Any CPU
		{01DFB3EF-93C2-42EE-887A-CF4F63F567B4}.Release|Any CPU.ActiveCfg = Release|Any CPU
		{01DFB3EF-93C2-42EE-887A-CF4F63F567B4}.Release|Any CPU.Build.0 = Release|Any CPU
		{01DFB3EF-93C2-42EE-887A-CF4F63F567B4}.Release|x64.ActiveCfg = Release|Any CPU
		{01DFB3EF-93C2-42EE-887A-CF4F63F567B4}.Release|x64.Build.0 = Release|Any CPU
		{01DFB3EF-93C2-42EE-887A-CF4F63F567B4}.Release|x86.ActiveCfg = Release|Any CPU
		{01DFB3EF-93C2-42EE-887A-CF4F63F567B4}.Release|x86.Build.0 = Release|Any CPU
		{348723FC-C602-4C1E-9396-4316EA443C30}.Debug|Any CPU.ActiveCfg = Debug|Any CPU
		{348723FC-C602-4C1E-9396-4316EA443C30}.Debug|Any CPU.Build.0 = Debug|Any CPU
		{348723FC-C602-4C1E-9396-4316EA443C30}.Debug|x64.ActiveCfg = Debug|Any CPU
		{348723FC-C602-4C1E-9396-4316EA443C30}.Debug|x64.Build.0 = Debug|Any CPU
		{348723FC-C602-4C1E-9396-4316EA443C30}.Debug|x86.ActiveCfg = Debug|Any CPU
		{348723FC-C602-4C1E-9396-4316EA443C30}.Debug|x86.Build.0 = Debug|Any CPU
		{348723FC-C602-4C1E-9396-4316EA443C30}.Release|Any CPU.ActiveCfg = Release|Any CPU
		{348723FC-C602-4C1E-9396-4316EA443C30}.Release|Any CPU.Build.0 = Release|Any CPU
		{348723FC-C602-4C1E-9396-4316EA443C30}.Release|x64.ActiveCfg = Release|Any CPU
		{348723FC-C602-4C1E-9396-4316EA443C30}.Release|x64.Build.0 = Release|Any CPU
		{348723FC-C602-4C1E-9396-4316EA443C30}.Release|x86.ActiveCfg = Release|Any CPU
		{348723FC-C602-4C1E-9396-4316EA443C30}.Release|x86.Build.0 = Release|Any CPU
		{4DC5A986-0CA0-4721-9696-59C48971AE06}.Debug|Any CPU.ActiveCfg = Debug|Any CPU
		{4DC5A986-0CA0-4721-9696-59C48971AE06}.Debug|Any CPU.Build.0 = Debug|Any CPU
		{4DC5A986-0CA0-4721-9696-59C48971AE06}.Debug|x64.ActiveCfg = Debug|Any CPU
		{4DC5A986-0CA0-4721-9696-59C48971AE06}.Debug|x64.Build.0 = Debug|Any CPU
		{4DC5A986-0CA0-4721-9696-59C48971AE06}.Debug|x86.ActiveCfg = Debug|Any CPU
		{4DC5A986-0CA0-4721-9696-59C48971AE06}.Debug|x86.Build.0 = Debug|Any CPU
		{4DC5A986-0CA0-4721-9696-59C48971AE06}.Release|Any CPU.ActiveCfg = Release|Any CPU
		{4DC5A986-0CA0-4721-9696-59C48971AE06}.Release|Any CPU.Build.0 = Release|Any CPU
		{4DC5A986-0CA0-4721-9696-59C48971AE06}.Release|x64.ActiveCfg = Release|Any CPU
		{4DC5A986-0CA0-4721-9696-59C48971AE06}.Release|x64.Build.0 = Release|Any CPU
		{4DC5A986-0CA0-4721-9696-59C48971AE06}.Release|x86.ActiveCfg = Release|Any CPU
		{4DC5A986-0CA0-4721-9696-59C48971AE06}.Release|x86.Build.0 = Release|Any CPU
		{E39D0D02-BBB8-48A1-8194-37A0A533014C}.Debug|Any CPU.ActiveCfg = Debug|Any CPU
		{E39D0D02-BBB8-48A1-8194-37A0A533014C}.Debug|Any CPU.Build.0 = Debug|Any CPU
		{E39D0D02-BBB8-48A1-8194-37A0A533014C}.Debug|x64.ActiveCfg = Debug|Any CPU
		{E39D0D02-BBB8-48A1-8194-37A0A533014C}.Debug|x64.Build.0 = Debug|Any CPU
		{E39D0D02-BBB8-48A1-8194-37A0A533014C}.Debug|x86.ActiveCfg = Debug|Any CPU
		{E39D0D02-BBB8-48A1-8194-37A0A533014C}.Debug|x86.Build.0 = Debug|Any CPU
		{E39D0D02-BBB8-48A1-8194-37A0A533014C}.Release|Any CPU.ActiveCfg = Release|Any CPU
		{E39D0D02-BBB8-48A1-8194-37A0A533014C}.Release|Any CPU.Build.0 = Release|Any CPU
		{E39D0D02-BBB8-48A1-8194-37A0A533014C}.Release|x64.ActiveCfg = Release|Any CPU
		{E39D0D02-BBB8-48A1-8194-37A0A533014C}.Release|x64.Build.0 = Release|Any CPU
		{E39D0D02-BBB8-48A1-8194-37A0A533014C}.Release|x86.ActiveCfg = Release|Any CPU
		{E39D0D02-BBB8-48A1-8194-37A0A533014C}.Release|x86.Build.0 = Release|Any CPU
		{E70C5FA4-4660-43DC-9B06-7864C0E7110D}.Debug|Any CPU.ActiveCfg = Debug|Any CPU
		{E70C5FA4-4660-43DC-9B06-7864C0E7110D}.Debug|Any CPU.Build.0 = Debug|Any CPU
		{E70C5FA4-4660-43DC-9B06-7864C0E7110D}.Debug|x64.ActiveCfg = Debug|Any CPU
		{E70C5FA4-4660-43DC-9B06-7864C0E7110D}.Debug|x64.Build.0 = Debug|Any CPU
		{E70C5FA4-4660-43DC-9B06-7864C0E7110D}.Debug|x86.ActiveCfg = Debug|Any CPU
		{E70C5FA4-4660-43DC-9B06-7864C0E7110D}.Debug|x86.Build.0 = Debug|Any CPU
		{E70C5FA4-4660-43DC-9B06-7864C0E7110D}.Release|Any CPU.ActiveCfg = Release|Any CPU
		{E70C5FA4-4660-43DC-9B06-7864C0E7110D}.Release|Any CPU.Build.0 = Release|Any CPU
		{E70C5FA4-4660-43DC-9B06-7864C0E7110D}.Release|x64.ActiveCfg = Release|Any CPU
		{E70C5FA4-4660-43DC-9B06-7864C0E7110D}.Release|x64.Build.0 = Release|Any CPU
		{E70C5FA4-4660-43DC-9B06-7864C0E7110D}.Release|x86.ActiveCfg = Release|Any CPU
		{E70C5FA4-4660-43DC-9B06-7864C0E7110D}.Release|x86.Build.0 = Release|Any CPU
		{10C8B45C-9436-4C57-B87D-EC555A514E53}.Debug|Any CPU.ActiveCfg = Debug|Any CPU
		{10C8B45C-9436-4C57-B87D-EC555A514E53}.Debug|Any CPU.Build.0 = Debug|Any CPU
		{10C8B45C-9436-4C57-B87D-EC555A514E53}.Debug|x64.ActiveCfg = Debug|Any CPU
		{10C8B45C-9436-4C57-B87D-EC555A514E53}.Debug|x64.Build.0 = Debug|Any CPU
		{10C8B45C-9436-4C57-B87D-EC555A514E53}.Debug|x86.ActiveCfg = Debug|Any CPU
		{10C8B45C-9436-4C57-B87D-EC555A514E53}.Debug|x86.Build.0 = Debug|Any CPU
		{10C8B45C-9436-4C57-B87D-EC555A514E53}.Release|Any CPU.ActiveCfg = Release|Any CPU
		{10C8B45C-9436-4C57-B87D-EC555A514E53}.Release|Any CPU.Build.0 = Release|Any CPU
		{10C8B45C-9436-4C57-B87D-EC555A514E53}.Release|x64.ActiveCfg = Release|Any CPU
		{10C8B45C-9436-4C57-B87D-EC555A514E53}.Release|x64.Build.0 = Release|Any CPU
		{10C8B45C-9436-4C57-B87D-EC555A514E53}.Release|x86.ActiveCfg = Release|Any CPU
		{10C8B45C-9436-4C57-B87D-EC555A514E53}.Release|x86.Build.0 = Release|Any CPU
	EndGlobalSection
	GlobalSection(SolutionProperties) = preSolution
		HideSolutionNode = FALSE
	EndGlobalSection
	GlobalSection(ExtensibilityGlobals) = postSolution
		SolutionGuid = {17801FC2-64A0-4672-B9EA-1D58D1C27A56}
	EndGlobalSection
EndGlobal
