Microsoft Visual Studio Solution File, Format Version 12.00
# Visual Studio 15
VisualStudioVersion = 15.0.27130.2026
MinimumVisualStudioVersion = 15.0.26124.0
Project("{9A19103F-16F7-4668-BE54-9A1E7A4F7556}") = "Web", "Web\Web.csproj", "{39FC4632-3667-463D-96E6-3F274B0C0163}"
EndProject
Project("{9A19103F-16F7-4668-BE54-9A1E7A4F7556}") = "Events", "Events\Events.csproj", "{E6F0A310-CAA3-46F0-88B5-8FD364554EE3}"
EndProject
Project("{9A19103F-16F7-4668-BE54-9A1E7A4F7556}") = "Domain", "Domain\Domain.csproj", "{D2CE4A3D-F053-4CE1-94F8-ED43460D3CEA}"
EndProject
Project("{9A19103F-16F7-4668-BE54-9A1E7A4F7556}") = "Read", "Read\Read.csproj", "{5851F1FE-2E89-4332-8BFF-93DC11998F57}"
EndProject
Project("{9A19103F-16F7-4668-BE54-9A1E7A4F7556}") = "Infrastructure.AspNet", "..\Infrastructure\AspNet\Infrastructure.AspNet.csproj", "{1B16B807-809C-4F3E-8475-0DA4F0428F56}"
EndProject
Project("{9A19103F-16F7-4668-BE54-9A1E7A4F7556}") = "FluentValidation.AspNetCore", "..\Infrastructure\FluentValidation.AspNetCore\FluentValidation.AspNetCore.csproj", "{FEEC6AE8-6804-41BD-A312-FA4AE024DE77}"
EndProject
Project("{9A19103F-16F7-4668-BE54-9A1E7A4F7556}") = "Concepts", "Concepts\Concepts.csproj", "{A55B7B0C-53B4-4E27-BC83-0D8B8E2C8809}"
EndProject
Project("{9A19103F-16F7-4668-BE54-9A1E7A4F7556}") = "Logging", "..\Infrastructure\Logging\Logging.csproj", "{01DFB3EF-93C2-42EE-887A-CF4F63F567B4}"
EndProject
Project("{9A19103F-16F7-4668-BE54-9A1E7A4F7556}") = "Events.External", "Events.External\Events.External.csproj", "{9B6BB884-21D0-4D00-B153-9C5DD0BD6130}"
EndProject
Project("{9A19103F-16F7-4668-BE54-9A1E7A4F7556}") = "Domain.Specs", "Domain.Specs\Domain.Specs.csproj", "{348723FC-C602-4C1E-9396-4316EA443C30}"
EndProject
Global
	GlobalSection(SolutionConfigurationPlatforms) = preSolution
		Debug|Any CPU = Debug|Any CPU
		Debug|x64 = Debug|x64
		Debug|x86 = Debug|x86
		Release|Any CPU = Release|Any CPU
		Release|x64 = Release|x64
		Release|x86 = Release|x86
	EndGlobalSection
	GlobalSection(ProjectConfigurationPlatforms) = postSolution
		{39FC4632-3667-463D-96E6-3F274B0C0163}.Debug|Any CPU.ActiveCfg = Debug|Any CPU
		{39FC4632-3667-463D-96E6-3F274B0C0163}.Debug|Any CPU.Build.0 = Debug|Any CPU
		{39FC4632-3667-463D-96E6-3F274B0C0163}.Debug|x64.ActiveCfg = Debug|Any CPU
		{39FC4632-3667-463D-96E6-3F274B0C0163}.Debug|x64.Build.0 = Debug|Any CPU
		{39FC4632-3667-463D-96E6-3F274B0C0163}.Debug|x86.ActiveCfg = Debug|Any CPU
		{39FC4632-3667-463D-96E6-3F274B0C0163}.Debug|x86.Build.0 = Debug|Any CPU
		{39FC4632-3667-463D-96E6-3F274B0C0163}.Release|Any CPU.ActiveCfg = Release|Any CPU
		{39FC4632-3667-463D-96E6-3F274B0C0163}.Release|Any CPU.Build.0 = Release|Any CPU
		{39FC4632-3667-463D-96E6-3F274B0C0163}.Release|x64.ActiveCfg = Release|Any CPU
		{39FC4632-3667-463D-96E6-3F274B0C0163}.Release|x64.Build.0 = Release|Any CPU
		{39FC4632-3667-463D-96E6-3F274B0C0163}.Release|x86.ActiveCfg = Release|Any CPU
		{39FC4632-3667-463D-96E6-3F274B0C0163}.Release|x86.Build.0 = Release|Any CPU
		{E6F0A310-CAA3-46F0-88B5-8FD364554EE3}.Debug|Any CPU.ActiveCfg = Debug|Any CPU
		{E6F0A310-CAA3-46F0-88B5-8FD364554EE3}.Debug|Any CPU.Build.0 = Debug|Any CPU
		{E6F0A310-CAA3-46F0-88B5-8FD364554EE3}.Debug|x64.ActiveCfg = Debug|Any CPU
		{E6F0A310-CAA3-46F0-88B5-8FD364554EE3}.Debug|x64.Build.0 = Debug|Any CPU
		{E6F0A310-CAA3-46F0-88B5-8FD364554EE3}.Debug|x86.ActiveCfg = Debug|Any CPU
		{E6F0A310-CAA3-46F0-88B5-8FD364554EE3}.Debug|x86.Build.0 = Debug|Any CPU
		{E6F0A310-CAA3-46F0-88B5-8FD364554EE3}.Release|Any CPU.ActiveCfg = Release|Any CPU
		{E6F0A310-CAA3-46F0-88B5-8FD364554EE3}.Release|Any CPU.Build.0 = Release|Any CPU
		{E6F0A310-CAA3-46F0-88B5-8FD364554EE3}.Release|x64.ActiveCfg = Release|Any CPU
		{E6F0A310-CAA3-46F0-88B5-8FD364554EE3}.Release|x64.Build.0 = Release|Any CPU
		{E6F0A310-CAA3-46F0-88B5-8FD364554EE3}.Release|x86.ActiveCfg = Release|Any CPU
		{E6F0A310-CAA3-46F0-88B5-8FD364554EE3}.Release|x86.Build.0 = Release|Any CPU
		{D2CE4A3D-F053-4CE1-94F8-ED43460D3CEA}.Debug|Any CPU.ActiveCfg = Debug|Any CPU
		{D2CE4A3D-F053-4CE1-94F8-ED43460D3CEA}.Debug|Any CPU.Build.0 = Debug|Any CPU
		{D2CE4A3D-F053-4CE1-94F8-ED43460D3CEA}.Debug|x64.ActiveCfg = Debug|Any CPU
		{D2CE4A3D-F053-4CE1-94F8-ED43460D3CEA}.Debug|x64.Build.0 = Debug|Any CPU
		{D2CE4A3D-F053-4CE1-94F8-ED43460D3CEA}.Debug|x86.ActiveCfg = Debug|Any CPU
		{D2CE4A3D-F053-4CE1-94F8-ED43460D3CEA}.Debug|x86.Build.0 = Debug|Any CPU
		{D2CE4A3D-F053-4CE1-94F8-ED43460D3CEA}.Release|Any CPU.ActiveCfg = Release|Any CPU
		{D2CE4A3D-F053-4CE1-94F8-ED43460D3CEA}.Release|Any CPU.Build.0 = Release|Any CPU
		{D2CE4A3D-F053-4CE1-94F8-ED43460D3CEA}.Release|x64.ActiveCfg = Release|Any CPU
		{D2CE4A3D-F053-4CE1-94F8-ED43460D3CEA}.Release|x64.Build.0 = Release|Any CPU
		{D2CE4A3D-F053-4CE1-94F8-ED43460D3CEA}.Release|x86.ActiveCfg = Release|Any CPU
		{D2CE4A3D-F053-4CE1-94F8-ED43460D3CEA}.Release|x86.Build.0 = Release|Any CPU
		{5851F1FE-2E89-4332-8BFF-93DC11998F57}.Debug|Any CPU.ActiveCfg = Debug|Any CPU
		{5851F1FE-2E89-4332-8BFF-93DC11998F57}.Debug|Any CPU.Build.0 = Debug|Any CPU
		{5851F1FE-2E89-4332-8BFF-93DC11998F57}.Debug|x64.ActiveCfg = Debug|Any CPU
		{5851F1FE-2E89-4332-8BFF-93DC11998F57}.Debug|x64.Build.0 = Debug|Any CPU
		{5851F1FE-2E89-4332-8BFF-93DC11998F57}.Debug|x86.ActiveCfg = Debug|Any CPU
		{5851F1FE-2E89-4332-8BFF-93DC11998F57}.Debug|x86.Build.0 = Debug|Any CPU
		{5851F1FE-2E89-4332-8BFF-93DC11998F57}.Release|Any CPU.ActiveCfg = Release|Any CPU
		{5851F1FE-2E89-4332-8BFF-93DC11998F57}.Release|Any CPU.Build.0 = Release|Any CPU
		{5851F1FE-2E89-4332-8BFF-93DC11998F57}.Release|x64.ActiveCfg = Release|Any CPU
		{5851F1FE-2E89-4332-8BFF-93DC11998F57}.Release|x64.Build.0 = Release|Any CPU
		{5851F1FE-2E89-4332-8BFF-93DC11998F57}.Release|x86.ActiveCfg = Release|Any CPU
		{5851F1FE-2E89-4332-8BFF-93DC11998F57}.Release|x86.Build.0 = Release|Any CPU
		{1B16B807-809C-4F3E-8475-0DA4F0428F56}.Debug|Any CPU.ActiveCfg = Debug|Any CPU
		{1B16B807-809C-4F3E-8475-0DA4F0428F56}.Debug|Any CPU.Build.0 = Debug|Any CPU
		{1B16B807-809C-4F3E-8475-0DA4F0428F56}.Debug|x64.ActiveCfg = Debug|Any CPU
		{1B16B807-809C-4F3E-8475-0DA4F0428F56}.Debug|x64.Build.0 = Debug|Any CPU
		{1B16B807-809C-4F3E-8475-0DA4F0428F56}.Debug|x86.ActiveCfg = Debug|Any CPU
		{1B16B807-809C-4F3E-8475-0DA4F0428F56}.Debug|x86.Build.0 = Debug|Any CPU
		{1B16B807-809C-4F3E-8475-0DA4F0428F56}.Release|Any CPU.ActiveCfg = Release|Any CPU
		{1B16B807-809C-4F3E-8475-0DA4F0428F56}.Release|Any CPU.Build.0 = Release|Any CPU
		{1B16B807-809C-4F3E-8475-0DA4F0428F56}.Release|x64.ActiveCfg = Release|Any CPU
		{1B16B807-809C-4F3E-8475-0DA4F0428F56}.Release|x64.Build.0 = Release|Any CPU
		{1B16B807-809C-4F3E-8475-0DA4F0428F56}.Release|x86.ActiveCfg = Release|Any CPU
		{1B16B807-809C-4F3E-8475-0DA4F0428F56}.Release|x86.Build.0 = Release|Any CPU
		{FEEC6AE8-6804-41BD-A312-FA4AE024DE77}.Debug|Any CPU.ActiveCfg = Debug|Any CPU
		{FEEC6AE8-6804-41BD-A312-FA4AE024DE77}.Debug|Any CPU.Build.0 = Debug|Any CPU
		{FEEC6AE8-6804-41BD-A312-FA4AE024DE77}.Debug|x64.ActiveCfg = Debug|Any CPU
		{FEEC6AE8-6804-41BD-A312-FA4AE024DE77}.Debug|x64.Build.0 = Debug|Any CPU
		{FEEC6AE8-6804-41BD-A312-FA4AE024DE77}.Debug|x86.ActiveCfg = Debug|Any CPU
		{FEEC6AE8-6804-41BD-A312-FA4AE024DE77}.Debug|x86.Build.0 = Debug|Any CPU
		{FEEC6AE8-6804-41BD-A312-FA4AE024DE77}.Release|Any CPU.ActiveCfg = Release|Any CPU
		{FEEC6AE8-6804-41BD-A312-FA4AE024DE77}.Release|Any CPU.Build.0 = Release|Any CPU
		{FEEC6AE8-6804-41BD-A312-FA4AE024DE77}.Release|x64.ActiveCfg = Release|Any CPU
		{FEEC6AE8-6804-41BD-A312-FA4AE024DE77}.Release|x64.Build.0 = Release|Any CPU
		{FEEC6AE8-6804-41BD-A312-FA4AE024DE77}.Release|x86.ActiveCfg = Release|Any CPU
		{FEEC6AE8-6804-41BD-A312-FA4AE024DE77}.Release|x86.Build.0 = Release|Any CPU
		{A55B7B0C-53B4-4E27-BC83-0D8B8E2C8809}.Debug|Any CPU.ActiveCfg = Debug|Any CPU
		{A55B7B0C-53B4-4E27-BC83-0D8B8E2C8809}.Debug|Any CPU.Build.0 = Debug|Any CPU
		{A55B7B0C-53B4-4E27-BC83-0D8B8E2C8809}.Debug|x64.ActiveCfg = Debug|Any CPU
		{A55B7B0C-53B4-4E27-BC83-0D8B8E2C8809}.Debug|x64.Build.0 = Debug|Any CPU
		{A55B7B0C-53B4-4E27-BC83-0D8B8E2C8809}.Debug|x86.ActiveCfg = Debug|Any CPU
		{A55B7B0C-53B4-4E27-BC83-0D8B8E2C8809}.Debug|x86.Build.0 = Debug|Any CPU
		{A55B7B0C-53B4-4E27-BC83-0D8B8E2C8809}.Release|Any CPU.ActiveCfg = Release|Any CPU
		{A55B7B0C-53B4-4E27-BC83-0D8B8E2C8809}.Release|Any CPU.Build.0 = Release|Any CPU
		{A55B7B0C-53B4-4E27-BC83-0D8B8E2C8809}.Release|x64.ActiveCfg = Release|Any CPU
		{A55B7B0C-53B4-4E27-BC83-0D8B8E2C8809}.Release|x64.Build.0 = Release|Any CPU
		{A55B7B0C-53B4-4E27-BC83-0D8B8E2C8809}.Release|x86.ActiveCfg = Release|Any CPU
		{A55B7B0C-53B4-4E27-BC83-0D8B8E2C8809}.Release|x86.Build.0 = Release|Any CPU
		{01DFB3EF-93C2-42EE-887A-CF4F63F567B4}.Debug|Any CPU.ActiveCfg = Debug|Any CPU
		{01DFB3EF-93C2-42EE-887A-CF4F63F567B4}.Debug|Any CPU.Build.0 = Debug|Any CPU
		{01DFB3EF-93C2-42EE-887A-CF4F63F567B4}.Debug|x64.ActiveCfg = Debug|Any CPU
		{01DFB3EF-93C2-42EE-887A-CF4F63F567B4}.Debug|x64.Build.0 = Debug|Any CPU
		{01DFB3EF-93C2-42EE-887A-CF4F63F567B4}.Debug|x86.ActiveCfg = Debug|Any CPU
		{01DFB3EF-93C2-42EE-887A-CF4F63F567B4}.Debug|x86.Build.0 = Debug|Any CPU
		{01DFB3EF-93C2-42EE-887A-CF4F63F567B4}.Release|Any CPU.ActiveCfg = Release|Any CPU
		{01DFB3EF-93C2-42EE-887A-CF4F63F567B4}.Release|Any CPU.Build.0 = Release|Any CPU
		{01DFB3EF-93C2-42EE-887A-CF4F63F567B4}.Release|x64.ActiveCfg = Release|Any CPU
		{01DFB3EF-93C2-42EE-887A-CF4F63F567B4}.Release|x64.Build.0 = Release|Any CPU
		{01DFB3EF-93C2-42EE-887A-CF4F63F567B4}.Release|x86.ActiveCfg = Release|Any CPU
		{01DFB3EF-93C2-42EE-887A-CF4F63F567B4}.Release|x86.Build.0 = Release|Any CPU
		{9B6BB884-21D0-4D00-B153-9C5DD0BD6130}.Debug|Any CPU.ActiveCfg = Debug|Any CPU
		{9B6BB884-21D0-4D00-B153-9C5DD0BD6130}.Debug|Any CPU.Build.0 = Debug|Any CPU
		{9B6BB884-21D0-4D00-B153-9C5DD0BD6130}.Debug|x64.ActiveCfg = Debug|Any CPU
		{9B6BB884-21D0-4D00-B153-9C5DD0BD6130}.Debug|x64.Build.0 = Debug|Any CPU
		{9B6BB884-21D0-4D00-B153-9C5DD0BD6130}.Debug|x86.ActiveCfg = Debug|Any CPU
		{9B6BB884-21D0-4D00-B153-9C5DD0BD6130}.Debug|x86.Build.0 = Debug|Any CPU
		{9B6BB884-21D0-4D00-B153-9C5DD0BD6130}.Release|Any CPU.ActiveCfg = Release|Any CPU
		{9B6BB884-21D0-4D00-B153-9C5DD0BD6130}.Release|Any CPU.Build.0 = Release|Any CPU
		{9B6BB884-21D0-4D00-B153-9C5DD0BD6130}.Release|x64.ActiveCfg = Release|Any CPU
		{9B6BB884-21D0-4D00-B153-9C5DD0BD6130}.Release|x64.Build.0 = Release|Any CPU
		{9B6BB884-21D0-4D00-B153-9C5DD0BD6130}.Release|x86.ActiveCfg = Release|Any CPU
		{9B6BB884-21D0-4D00-B153-9C5DD0BD6130}.Release|x86.Build.0 = Release|Any CPU
		{348723FC-C602-4C1E-9396-4316EA443C30}.Debug|Any CPU.ActiveCfg = Debug|Any CPU
		{348723FC-C602-4C1E-9396-4316EA443C30}.Debug|Any CPU.Build.0 = Debug|Any CPU
		{348723FC-C602-4C1E-9396-4316EA443C30}.Debug|x64.ActiveCfg = Debug|Any CPU
		{348723FC-C602-4C1E-9396-4316EA443C30}.Debug|x64.Build.0 = Debug|Any CPU
		{348723FC-C602-4C1E-9396-4316EA443C30}.Debug|x86.ActiveCfg = Debug|Any CPU
		{348723FC-C602-4C1E-9396-4316EA443C30}.Debug|x86.Build.0 = Debug|Any CPU
		{348723FC-C602-4C1E-9396-4316EA443C30}.Release|Any CPU.ActiveCfg = Release|Any CPU
		{348723FC-C602-4C1E-9396-4316EA443C30}.Release|Any CPU.Build.0 = Release|Any CPU
		{348723FC-C602-4C1E-9396-4316EA443C30}.Release|x64.ActiveCfg = Release|Any CPU
		{348723FC-C602-4C1E-9396-4316EA443C30}.Release|x64.Build.0 = Release|Any CPU
		{348723FC-C602-4C1E-9396-4316EA443C30}.Release|x86.ActiveCfg = Release|Any CPU
		{348723FC-C602-4C1E-9396-4316EA443C30}.Release|x86.Build.0 = Release|Any CPU
	EndGlobalSection
	GlobalSection(SolutionProperties) = preSolution
		HideSolutionNode = FALSE
	EndGlobalSection
	GlobalSection(ExtensibilityGlobals) = postSolution
		SolutionGuid = {17801FC2-64A0-4672-B9EA-1D58D1C27A56}
	EndGlobalSection
EndGlobal
