
Microsoft Visual Studio Solution File, Format Version 12.00
# Visual Studio 15
VisualStudioVersion = 15.0.26124.0
MinimumVisualStudioVersion = 15.0.26124.0
Project("{FAE04EC0-301F-11D3-BF4B-00C04F79EFBC}") = "WebApi", "WebApi\WebApi.csproj", "{39FC4632-3667-463D-96E6-3F274B0C0163}"
EndProject
Project("{FAE04EC0-301F-11D3-BF4B-00C04F79EFBC}") = "Events", "Events\Events.csproj", "{E6F0A310-CAA3-46F0-88B5-8FD364554EE3}"
EndProject
Project("{FAE04EC0-301F-11D3-BF4B-00C04F79EFBC}") = "Infrastructure.Events", "..\Infrastructure\Events\Infrastructure.Events.csproj", "{745C7A8B-AF47-40FD-A90B-43A315A5922D}"
EndProject
Project("{FAE04EC0-301F-11D3-BF4B-00C04F79EFBC}") = "Infrastructure.Domain", "..\Infrastructure\Domain\Infrastructure.Domain.csproj", "{0473B6CE-71F6-4536-8CE8-FBC606029D20}"
EndProject
Project("{FAE04EC0-301F-11D3-BF4B-00C04F79EFBC}") = "Domain", "Domain\Domain.csproj", "{D2CE4A3D-F053-4CE1-94F8-ED43460D3CEA}"
EndProject
Project("{FAE04EC0-301F-11D3-BF4B-00C04F79EFBC}") = "FluentValidation.AspNetCore", "..\Infrastructure\FluentValidation.AspNetCore\FluentValidation.AspNetCore.csproj", "{DD77BAC8-D727-4EFE-971E-67DA1EF2900D}"
EndProject
Global
	GlobalSection(SolutionConfigurationPlatforms) = preSolution
		Debug|Any CPU = Debug|Any CPU
		Debug|x64 = Debug|x64
		Debug|x86 = Debug|x86
		Release|Any CPU = Release|Any CPU
		Release|x64 = Release|x64
		Release|x86 = Release|x86
	EndGlobalSection
	GlobalSection(SolutionProperties) = preSolution
		HideSolutionNode = FALSE
	EndGlobalSection
	GlobalSection(ProjectConfigurationPlatforms) = postSolution
		{39FC4632-3667-463D-96E6-3F274B0C0163}.Debug|Any CPU.ActiveCfg = Debug|Any CPU
		{39FC4632-3667-463D-96E6-3F274B0C0163}.Debug|Any CPU.Build.0 = Debug|Any CPU
		{39FC4632-3667-463D-96E6-3F274B0C0163}.Debug|x64.ActiveCfg = Debug|x64
		{39FC4632-3667-463D-96E6-3F274B0C0163}.Debug|x64.Build.0 = Debug|x64
		{39FC4632-3667-463D-96E6-3F274B0C0163}.Debug|x86.ActiveCfg = Debug|x86
		{39FC4632-3667-463D-96E6-3F274B0C0163}.Debug|x86.Build.0 = Debug|x86
		{39FC4632-3667-463D-96E6-3F274B0C0163}.Release|Any CPU.ActiveCfg = Release|Any CPU
		{39FC4632-3667-463D-96E6-3F274B0C0163}.Release|Any CPU.Build.0 = Release|Any CPU
		{39FC4632-3667-463D-96E6-3F274B0C0163}.Release|x64.ActiveCfg = Release|x64
		{39FC4632-3667-463D-96E6-3F274B0C0163}.Release|x64.Build.0 = Release|x64
		{39FC4632-3667-463D-96E6-3F274B0C0163}.Release|x86.ActiveCfg = Release|x86
		{39FC4632-3667-463D-96E6-3F274B0C0163}.Release|x86.Build.0 = Release|x86
		{E6F0A310-CAA3-46F0-88B5-8FD364554EE3}.Debug|Any CPU.ActiveCfg = Debug|Any CPU
		{E6F0A310-CAA3-46F0-88B5-8FD364554EE3}.Debug|Any CPU.Build.0 = Debug|Any CPU
		{E6F0A310-CAA3-46F0-88B5-8FD364554EE3}.Debug|x64.ActiveCfg = Debug|x64
		{E6F0A310-CAA3-46F0-88B5-8FD364554EE3}.Debug|x64.Build.0 = Debug|x64
		{E6F0A310-CAA3-46F0-88B5-8FD364554EE3}.Debug|x86.ActiveCfg = Debug|x86
		{E6F0A310-CAA3-46F0-88B5-8FD364554EE3}.Debug|x86.Build.0 = Debug|x86
		{E6F0A310-CAA3-46F0-88B5-8FD364554EE3}.Release|Any CPU.ActiveCfg = Release|Any CPU
		{E6F0A310-CAA3-46F0-88B5-8FD364554EE3}.Release|Any CPU.Build.0 = Release|Any CPU
		{E6F0A310-CAA3-46F0-88B5-8FD364554EE3}.Release|x64.ActiveCfg = Release|x64
		{E6F0A310-CAA3-46F0-88B5-8FD364554EE3}.Release|x64.Build.0 = Release|x64
		{E6F0A310-CAA3-46F0-88B5-8FD364554EE3}.Release|x86.ActiveCfg = Release|x86
		{E6F0A310-CAA3-46F0-88B5-8FD364554EE3}.Release|x86.Build.0 = Release|x86
		{745C7A8B-AF47-40FD-A90B-43A315A5922D}.Debug|Any CPU.ActiveCfg = Debug|Any CPU
		{745C7A8B-AF47-40FD-A90B-43A315A5922D}.Debug|Any CPU.Build.0 = Debug|Any CPU
		{745C7A8B-AF47-40FD-A90B-43A315A5922D}.Debug|x64.ActiveCfg = Debug|x64
		{745C7A8B-AF47-40FD-A90B-43A315A5922D}.Debug|x64.Build.0 = Debug|x64
		{745C7A8B-AF47-40FD-A90B-43A315A5922D}.Debug|x86.ActiveCfg = Debug|x86
		{745C7A8B-AF47-40FD-A90B-43A315A5922D}.Debug|x86.Build.0 = Debug|x86
		{745C7A8B-AF47-40FD-A90B-43A315A5922D}.Release|Any CPU.ActiveCfg = Release|Any CPU
		{745C7A8B-AF47-40FD-A90B-43A315A5922D}.Release|Any CPU.Build.0 = Release|Any CPU
		{745C7A8B-AF47-40FD-A90B-43A315A5922D}.Release|x64.ActiveCfg = Release|x64
		{745C7A8B-AF47-40FD-A90B-43A315A5922D}.Release|x64.Build.0 = Release|x64
		{745C7A8B-AF47-40FD-A90B-43A315A5922D}.Release|x86.ActiveCfg = Release|x86
		{745C7A8B-AF47-40FD-A90B-43A315A5922D}.Release|x86.Build.0 = Release|x86
		{0473B6CE-71F6-4536-8CE8-FBC606029D20}.Debug|Any CPU.ActiveCfg = Debug|Any CPU
		{0473B6CE-71F6-4536-8CE8-FBC606029D20}.Debug|Any CPU.Build.0 = Debug|Any CPU
		{0473B6CE-71F6-4536-8CE8-FBC606029D20}.Debug|x64.ActiveCfg = Debug|x64
		{0473B6CE-71F6-4536-8CE8-FBC606029D20}.Debug|x64.Build.0 = Debug|x64
		{0473B6CE-71F6-4536-8CE8-FBC606029D20}.Debug|x86.ActiveCfg = Debug|x86
		{0473B6CE-71F6-4536-8CE8-FBC606029D20}.Debug|x86.Build.0 = Debug|x86
		{0473B6CE-71F6-4536-8CE8-FBC606029D20}.Release|Any CPU.ActiveCfg = Release|Any CPU
		{0473B6CE-71F6-4536-8CE8-FBC606029D20}.Release|Any CPU.Build.0 = Release|Any CPU
		{0473B6CE-71F6-4536-8CE8-FBC606029D20}.Release|x64.ActiveCfg = Release|x64
		{0473B6CE-71F6-4536-8CE8-FBC606029D20}.Release|x64.Build.0 = Release|x64
		{0473B6CE-71F6-4536-8CE8-FBC606029D20}.Release|x86.ActiveCfg = Release|x86
		{0473B6CE-71F6-4536-8CE8-FBC606029D20}.Release|x86.Build.0 = Release|x86
		{D2CE4A3D-F053-4CE1-94F8-ED43460D3CEA}.Debug|Any CPU.ActiveCfg = Debug|Any CPU
		{D2CE4A3D-F053-4CE1-94F8-ED43460D3CEA}.Debug|Any CPU.Build.0 = Debug|Any CPU
		{D2CE4A3D-F053-4CE1-94F8-ED43460D3CEA}.Debug|x64.ActiveCfg = Debug|x64
		{D2CE4A3D-F053-4CE1-94F8-ED43460D3CEA}.Debug|x64.Build.0 = Debug|x64
		{D2CE4A3D-F053-4CE1-94F8-ED43460D3CEA}.Debug|x86.ActiveCfg = Debug|x86
		{D2CE4A3D-F053-4CE1-94F8-ED43460D3CEA}.Debug|x86.Build.0 = Debug|x86
		{D2CE4A3D-F053-4CE1-94F8-ED43460D3CEA}.Release|Any CPU.ActiveCfg = Release|Any CPU
		{D2CE4A3D-F053-4CE1-94F8-ED43460D3CEA}.Release|Any CPU.Build.0 = Release|Any CPU
		{D2CE4A3D-F053-4CE1-94F8-ED43460D3CEA}.Release|x64.ActiveCfg = Release|x64
		{D2CE4A3D-F053-4CE1-94F8-ED43460D3CEA}.Release|x64.Build.0 = Release|x64
		{D2CE4A3D-F053-4CE1-94F8-ED43460D3CEA}.Release|x86.ActiveCfg = Release|x86
		{D2CE4A3D-F053-4CE1-94F8-ED43460D3CEA}.Release|x86.Build.0 = Release|x86
		{DD77BAC8-D727-4EFE-971E-67DA1EF2900D}.Debug|Any CPU.ActiveCfg = Debug|Any CPU
		{DD77BAC8-D727-4EFE-971E-67DA1EF2900D}.Debug|Any CPU.Build.0 = Debug|Any CPU
		{DD77BAC8-D727-4EFE-971E-67DA1EF2900D}.Debug|x64.ActiveCfg = Debug|x64
		{DD77BAC8-D727-4EFE-971E-67DA1EF2900D}.Debug|x64.Build.0 = Debug|x64
		{DD77BAC8-D727-4EFE-971E-67DA1EF2900D}.Debug|x86.ActiveCfg = Debug|x86
		{DD77BAC8-D727-4EFE-971E-67DA1EF2900D}.Debug|x86.Build.0 = Debug|x86
		{DD77BAC8-D727-4EFE-971E-67DA1EF2900D}.Release|Any CPU.ActiveCfg = Release|Any CPU
		{DD77BAC8-D727-4EFE-971E-67DA1EF2900D}.Release|Any CPU.Build.0 = Release|Any CPU
		{DD77BAC8-D727-4EFE-971E-67DA1EF2900D}.Release|x64.ActiveCfg = Release|x64
		{DD77BAC8-D727-4EFE-971E-67DA1EF2900D}.Release|x64.Build.0 = Release|x64
		{DD77BAC8-D727-4EFE-971E-67DA1EF2900D}.Release|x86.ActiveCfg = Release|x86
		{DD77BAC8-D727-4EFE-971E-67DA1EF2900D}.Release|x86.Build.0 = Release|x86
	EndGlobalSection
EndGlobal
