
Microsoft Visual Studio Solution File, Format Version 12.00
# Visual Studio 15
VisualStudioVersion = 15.0.28307.168
MinimumVisualStudioVersion = 10.0.40219.1
Project("{9A19103F-16F7-4668-BE54-9A1E7A4F7556}") = "Events.Reporting", "Events.Reporting\Events.Reporting.csproj", "{18D0A1FA-3E53-4AC6-9AED-88AEE941261C}"
EndProject
Project("{9A19103F-16F7-4668-BE54-9A1E7A4F7556}") = "Events", "Events\Events.csproj", "{67BCDBE9-1AD8-4D42-9DF9-C0D8A5C4FEF1}"
EndProject
Project("{9A19103F-16F7-4668-BE54-9A1E7A4F7556}") = "Read", "Read\Read.csproj", "{D91A3E14-7B97-4413-910D-7BDC8CAB52A7}"
EndProject
Project("{FAE04EC0-301F-11D3-BF4B-00C04F79EFBC}") = "Events.Admin", "Events.Admin\Events.Admin.csproj", "{1C23F379-FFA6-4D5A-8C9B-80CCBA61953E}"
EndProject
Project("{FAE04EC0-301F-11D3-BF4B-00C04F79EFBC}") = "Core", "Core\Core.csproj", "{F3558294-3C38-489D-8C4C-61BCFE961412}"
EndProject
Project("{FAE04EC0-301F-11D3-BF4B-00C04F79EFBC}") = "Concepts", "Concepts\Concepts.csproj", "{97B283F1-92B7-4C7D-85DF-9C2EF6E75ACB}"
EndProject
Project("{FAE04EC0-301F-11D3-BF4B-00C04F79EFBC}") = "Domain", "Domain\Domain.csproj", "{1C41CCA7-9318-4E1E-96BF-C7F259D6C253}"
EndProject
Project("{FAE04EC0-301F-11D3-BF4B-00C04F79EFBC}") = "Policies", "Policies\Policies.csproj", "{67372B11-D677-4CF7-8C84-4832A775CE1D}"
EndProject
Global
	GlobalSection(SolutionConfigurationPlatforms) = preSolution
		Debug|Any CPU = Debug|Any CPU
		Release|Any CPU = Release|Any CPU
	EndGlobalSection
	GlobalSection(ProjectConfigurationPlatforms) = postSolution
		{0D1DA767-D45D-46FF-84B8-953A69C2FFDB}.Debug|Any CPU.ActiveCfg = Debug|Any CPU
		{0D1DA767-D45D-46FF-84B8-953A69C2FFDB}.Debug|Any CPU.Build.0 = Debug|Any CPU
		{0D1DA767-D45D-46FF-84B8-953A69C2FFDB}.Release|Any CPU.ActiveCfg = Release|Any CPU
		{0D1DA767-D45D-46FF-84B8-953A69C2FFDB}.Release|Any CPU.Build.0 = Release|Any CPU
		{18D0A1FA-3E53-4AC6-9AED-88AEE941261C}.Debug|Any CPU.ActiveCfg = Debug|Any CPU
		{18D0A1FA-3E53-4AC6-9AED-88AEE941261C}.Debug|Any CPU.Build.0 = Debug|Any CPU
		{18D0A1FA-3E53-4AC6-9AED-88AEE941261C}.Release|Any CPU.ActiveCfg = Release|Any CPU
		{18D0A1FA-3E53-4AC6-9AED-88AEE941261C}.Release|Any CPU.Build.0 = Release|Any CPU
		{67BCDBE9-1AD8-4D42-9DF9-C0D8A5C4FEF1}.Debug|Any CPU.ActiveCfg = Debug|Any CPU
		{67BCDBE9-1AD8-4D42-9DF9-C0D8A5C4FEF1}.Debug|Any CPU.Build.0 = Debug|Any CPU
		{67BCDBE9-1AD8-4D42-9DF9-C0D8A5C4FEF1}.Release|Any CPU.ActiveCfg = Release|Any CPU
		{67BCDBE9-1AD8-4D42-9DF9-C0D8A5C4FEF1}.Release|Any CPU.Build.0 = Release|Any CPU
		{D91A3E14-7B97-4413-910D-7BDC8CAB52A7}.Debug|Any CPU.ActiveCfg = Debug|Any CPU
		{D91A3E14-7B97-4413-910D-7BDC8CAB52A7}.Debug|Any CPU.Build.0 = Debug|Any CPU
		{D91A3E14-7B97-4413-910D-7BDC8CAB52A7}.Release|Any CPU.ActiveCfg = Release|Any CPU
		{D91A3E14-7B97-4413-910D-7BDC8CAB52A7}.Release|Any CPU.Build.0 = Release|Any CPU
		{5E13CB3B-F82E-4C06-B7E2-5D5D3503217D}.Debug|Any CPU.ActiveCfg = Debug|Any CPU
		{5E13CB3B-F82E-4C06-B7E2-5D5D3503217D}.Debug|Any CPU.Build.0 = Debug|Any CPU
		{5E13CB3B-F82E-4C06-B7E2-5D5D3503217D}.Release|Any CPU.ActiveCfg = Release|Any CPU
		{5E13CB3B-F82E-4C06-B7E2-5D5D3503217D}.Release|Any CPU.Build.0 = Release|Any CPU
		{1C23F379-FFA6-4D5A-8C9B-80CCBA61953E}.Debug|Any CPU.ActiveCfg = Debug|Any CPU
		{1C23F379-FFA6-4D5A-8C9B-80CCBA61953E}.Debug|Any CPU.Build.0 = Debug|Any CPU
		{1C23F379-FFA6-4D5A-8C9B-80CCBA61953E}.Release|Any CPU.ActiveCfg = Release|Any CPU
		{1C23F379-FFA6-4D5A-8C9B-80CCBA61953E}.Release|Any CPU.Build.0 = Release|Any CPU
		{F3558294-3C38-489D-8C4C-61BCFE961412}.Debug|Any CPU.ActiveCfg = Debug|Any CPU
		{F3558294-3C38-489D-8C4C-61BCFE961412}.Debug|Any CPU.Build.0 = Debug|Any CPU
		{F3558294-3C38-489D-8C4C-61BCFE961412}.Release|Any CPU.ActiveCfg = Release|Any CPU
		{F3558294-3C38-489D-8C4C-61BCFE961412}.Release|Any CPU.Build.0 = Release|Any CPU
		{97B283F1-92B7-4C7D-85DF-9C2EF6E75ACB}.Debug|Any CPU.ActiveCfg = Debug|Any CPU
		{97B283F1-92B7-4C7D-85DF-9C2EF6E75ACB}.Debug|Any CPU.Build.0 = Debug|Any CPU
		{97B283F1-92B7-4C7D-85DF-9C2EF6E75ACB}.Release|Any CPU.ActiveCfg = Release|Any CPU
		{97B283F1-92B7-4C7D-85DF-9C2EF6E75ACB}.Release|Any CPU.Build.0 = Release|Any CPU
		{1C41CCA7-9318-4E1E-96BF-C7F259D6C253}.Debug|Any CPU.ActiveCfg = Debug|Any CPU
		{1C41CCA7-9318-4E1E-96BF-C7F259D6C253}.Debug|Any CPU.Build.0 = Debug|Any CPU
		{1C41CCA7-9318-4E1E-96BF-C7F259D6C253}.Release|Any CPU.ActiveCfg = Release|Any CPU
		{1C41CCA7-9318-4E1E-96BF-C7F259D6C253}.Release|Any CPU.Build.0 = Release|Any CPU
		{67372B11-D677-4CF7-8C84-4832A775CE1D}.Debug|Any CPU.ActiveCfg = Debug|Any CPU
		{67372B11-D677-4CF7-8C84-4832A775CE1D}.Debug|Any CPU.Build.0 = Debug|Any CPU
		{67372B11-D677-4CF7-8C84-4832A775CE1D}.Release|Any CPU.ActiveCfg = Release|Any CPU
		{67372B11-D677-4CF7-8C84-4832A775CE1D}.Release|Any CPU.Build.0 = Release|Any CPU
	EndGlobalSection
	GlobalSection(SolutionProperties) = preSolution
		HideSolutionNode = FALSE
	EndGlobalSection
	GlobalSection(ExtensibilityGlobals) = postSolution
		SolutionGuid = {EC5DDF1E-3394-42BC-835B-16966CC32C03}
	EndGlobalSection
EndGlobal
