
Microsoft Visual Studio Solution File, Format Version 12.00
# Visual Studio 15
VisualStudioVersion = 15.0.28307.168
MinimumVisualStudioVersion = 10.0.40219.1
Project("{9A19103F-16F7-4668-BE54-9A1E7A4F7556}") = "Events.Reporting", "Events.Reporting\Events.Reporting.csproj", "{18D0A1FA-3E53-4AC6-9AED-88AEE941261C}"
EndProject
Project("{9A19103F-16F7-4668-BE54-9A1E7A4F7556}") = "Concepts", "Concepts\Concepts.csproj", "{97B283F1-92B7-4C7D-85DF-9C2EF6E75ACB}"
EndProject
Project("{9A19103F-16F7-4668-BE54-9A1E7A4F7556}") = "Read", "Read\Read.csproj", "{5B762123-777F-41CA-9CC9-5CF04DE04FE8}"
EndProject
Project("{9A19103F-16F7-4668-BE54-9A1E7A4F7556}") = "Read.Specs", "Read.Specs\Read.Specs.csproj", "{84C32554-1E49-41EF-9BD1-A02180FF3CF5}"
EndProject
Project("{9A19103F-16F7-4668-BE54-9A1E7A4F7556}") = "Events.Admin", "Events.Admin\Events.Admin.csproj", "{E038517A-DEAA-4DBD-83B8-7CF564BAA135}"
EndProject
Project("{9A19103F-16F7-4668-BE54-9A1E7A4F7556}") = "Core", "Core\Core.csproj", "{7D30EF65-F2B3-47F6-A977-B7DA5B855E26}"
EndProject
Global
	GlobalSection(SolutionConfigurationPlatforms) = preSolution
		Debug|Any CPU = Debug|Any CPU
		Debug|x64 = Debug|x64
		Debug|x86 = Debug|x86
		Release|Any CPU = Release|Any CPU
		Release|x64 = Release|x64
		Release|x86 = Release|x86
	EndGlobalSection
	GlobalSection(ProjectConfigurationPlatforms) = postSolution
		{18D0A1FA-3E53-4AC6-9AED-88AEE941261C}.Debug|Any CPU.ActiveCfg = Debug|Any CPU
		{18D0A1FA-3E53-4AC6-9AED-88AEE941261C}.Debug|Any CPU.Build.0 = Debug|Any CPU
		{18D0A1FA-3E53-4AC6-9AED-88AEE941261C}.Debug|x64.ActiveCfg = Debug|Any CPU
		{18D0A1FA-3E53-4AC6-9AED-88AEE941261C}.Debug|x64.Build.0 = Debug|Any CPU
		{18D0A1FA-3E53-4AC6-9AED-88AEE941261C}.Debug|x86.ActiveCfg = Debug|Any CPU
		{18D0A1FA-3E53-4AC6-9AED-88AEE941261C}.Debug|x86.Build.0 = Debug|Any CPU
		{18D0A1FA-3E53-4AC6-9AED-88AEE941261C}.Release|Any CPU.ActiveCfg = Release|Any CPU
		{18D0A1FA-3E53-4AC6-9AED-88AEE941261C}.Release|Any CPU.Build.0 = Release|Any CPU
		{18D0A1FA-3E53-4AC6-9AED-88AEE941261C}.Release|x64.ActiveCfg = Release|Any CPU
		{18D0A1FA-3E53-4AC6-9AED-88AEE941261C}.Release|x64.Build.0 = Release|Any CPU
		{18D0A1FA-3E53-4AC6-9AED-88AEE941261C}.Release|x86.ActiveCfg = Release|Any CPU
		{18D0A1FA-3E53-4AC6-9AED-88AEE941261C}.Release|x86.Build.0 = Release|Any CPU
		{97B283F1-92B7-4C7D-85DF-9C2EF6E75ACB}.Debug|Any CPU.ActiveCfg = Debug|Any CPU
		{97B283F1-92B7-4C7D-85DF-9C2EF6E75ACB}.Debug|Any CPU.Build.0 = Debug|Any CPU
		{97B283F1-92B7-4C7D-85DF-9C2EF6E75ACB}.Debug|x64.ActiveCfg = Debug|Any CPU
		{97B283F1-92B7-4C7D-85DF-9C2EF6E75ACB}.Debug|x64.Build.0 = Debug|Any CPU
		{97B283F1-92B7-4C7D-85DF-9C2EF6E75ACB}.Debug|x86.ActiveCfg = Debug|Any CPU
		{97B283F1-92B7-4C7D-85DF-9C2EF6E75ACB}.Debug|x86.Build.0 = Debug|Any CPU
		{97B283F1-92B7-4C7D-85DF-9C2EF6E75ACB}.Release|Any CPU.ActiveCfg = Release|Any CPU
		{97B283F1-92B7-4C7D-85DF-9C2EF6E75ACB}.Release|Any CPU.Build.0 = Release|Any CPU
		{97B283F1-92B7-4C7D-85DF-9C2EF6E75ACB}.Release|x64.ActiveCfg = Release|Any CPU
		{97B283F1-92B7-4C7D-85DF-9C2EF6E75ACB}.Release|x64.Build.0 = Release|Any CPU
		{97B283F1-92B7-4C7D-85DF-9C2EF6E75ACB}.Release|x86.ActiveCfg = Release|Any CPU
		{97B283F1-92B7-4C7D-85DF-9C2EF6E75ACB}.Release|x86.Build.0 = Release|Any CPU
		{5B762123-777F-41CA-9CC9-5CF04DE04FE8}.Debug|Any CPU.ActiveCfg = Debug|Any CPU
		{5B762123-777F-41CA-9CC9-5CF04DE04FE8}.Debug|Any CPU.Build.0 = Debug|Any CPU
		{5B762123-777F-41CA-9CC9-5CF04DE04FE8}.Debug|x64.ActiveCfg = Debug|Any CPU
		{5B762123-777F-41CA-9CC9-5CF04DE04FE8}.Debug|x64.Build.0 = Debug|Any CPU
		{5B762123-777F-41CA-9CC9-5CF04DE04FE8}.Debug|x86.ActiveCfg = Debug|Any CPU
		{5B762123-777F-41CA-9CC9-5CF04DE04FE8}.Debug|x86.Build.0 = Debug|Any CPU
		{5B762123-777F-41CA-9CC9-5CF04DE04FE8}.Release|Any CPU.ActiveCfg = Release|Any CPU
		{5B762123-777F-41CA-9CC9-5CF04DE04FE8}.Release|Any CPU.Build.0 = Release|Any CPU
		{5B762123-777F-41CA-9CC9-5CF04DE04FE8}.Release|x64.ActiveCfg = Release|Any CPU
		{5B762123-777F-41CA-9CC9-5CF04DE04FE8}.Release|x64.Build.0 = Release|Any CPU
		{5B762123-777F-41CA-9CC9-5CF04DE04FE8}.Release|x86.ActiveCfg = Release|Any CPU
		{5B762123-777F-41CA-9CC9-5CF04DE04FE8}.Release|x86.Build.0 = Release|Any CPU
		{84C32554-1E49-41EF-9BD1-A02180FF3CF5}.Debug|Any CPU.ActiveCfg = Debug|Any CPU
		{84C32554-1E49-41EF-9BD1-A02180FF3CF5}.Debug|Any CPU.Build.0 = Debug|Any CPU
		{84C32554-1E49-41EF-9BD1-A02180FF3CF5}.Debug|x64.ActiveCfg = Debug|Any CPU
		{84C32554-1E49-41EF-9BD1-A02180FF3CF5}.Debug|x64.Build.0 = Debug|Any CPU
		{84C32554-1E49-41EF-9BD1-A02180FF3CF5}.Debug|x86.ActiveCfg = Debug|Any CPU
		{84C32554-1E49-41EF-9BD1-A02180FF3CF5}.Debug|x86.Build.0 = Debug|Any CPU
		{84C32554-1E49-41EF-9BD1-A02180FF3CF5}.Release|Any CPU.ActiveCfg = Release|Any CPU
		{84C32554-1E49-41EF-9BD1-A02180FF3CF5}.Release|Any CPU.Build.0 = Release|Any CPU
		{84C32554-1E49-41EF-9BD1-A02180FF3CF5}.Release|x64.ActiveCfg = Release|Any CPU
		{84C32554-1E49-41EF-9BD1-A02180FF3CF5}.Release|x64.Build.0 = Release|Any CPU
		{84C32554-1E49-41EF-9BD1-A02180FF3CF5}.Release|x86.ActiveCfg = Release|Any CPU
		{84C32554-1E49-41EF-9BD1-A02180FF3CF5}.Release|x86.Build.0 = Release|Any CPU
		{E038517A-DEAA-4DBD-83B8-7CF564BAA135}.Debug|Any CPU.ActiveCfg = Debug|Any CPU
		{E038517A-DEAA-4DBD-83B8-7CF564BAA135}.Debug|Any CPU.Build.0 = Debug|Any CPU
		{E038517A-DEAA-4DBD-83B8-7CF564BAA135}.Debug|x64.ActiveCfg = Debug|Any CPU
		{E038517A-DEAA-4DBD-83B8-7CF564BAA135}.Debug|x64.Build.0 = Debug|Any CPU
		{E038517A-DEAA-4DBD-83B8-7CF564BAA135}.Debug|x86.ActiveCfg = Debug|Any CPU
		{E038517A-DEAA-4DBD-83B8-7CF564BAA135}.Debug|x86.Build.0 = Debug|Any CPU
		{E038517A-DEAA-4DBD-83B8-7CF564BAA135}.Release|Any CPU.ActiveCfg = Release|Any CPU
		{E038517A-DEAA-4DBD-83B8-7CF564BAA135}.Release|Any CPU.Build.0 = Release|Any CPU
		{E038517A-DEAA-4DBD-83B8-7CF564BAA135}.Release|x64.ActiveCfg = Release|Any CPU
		{E038517A-DEAA-4DBD-83B8-7CF564BAA135}.Release|x64.Build.0 = Release|Any CPU
		{E038517A-DEAA-4DBD-83B8-7CF564BAA135}.Release|x86.ActiveCfg = Release|Any CPU
		{E038517A-DEAA-4DBD-83B8-7CF564BAA135}.Release|x86.Build.0 = Release|Any CPU
		{7D30EF65-F2B3-47F6-A977-B7DA5B855E26}.Debug|Any CPU.ActiveCfg = Debug|Any CPU
		{7D30EF65-F2B3-47F6-A977-B7DA5B855E26}.Debug|Any CPU.Build.0 = Debug|Any CPU
		{7D30EF65-F2B3-47F6-A977-B7DA5B855E26}.Debug|x64.ActiveCfg = Debug|Any CPU
		{7D30EF65-F2B3-47F6-A977-B7DA5B855E26}.Debug|x64.Build.0 = Debug|Any CPU
		{7D30EF65-F2B3-47F6-A977-B7DA5B855E26}.Debug|x86.ActiveCfg = Debug|Any CPU
		{7D30EF65-F2B3-47F6-A977-B7DA5B855E26}.Debug|x86.Build.0 = Debug|Any CPU
		{7D30EF65-F2B3-47F6-A977-B7DA5B855E26}.Release|Any CPU.ActiveCfg = Release|Any CPU
		{7D30EF65-F2B3-47F6-A977-B7DA5B855E26}.Release|Any CPU.Build.0 = Release|Any CPU
		{7D30EF65-F2B3-47F6-A977-B7DA5B855E26}.Release|x64.ActiveCfg = Release|Any CPU
		{7D30EF65-F2B3-47F6-A977-B7DA5B855E26}.Release|x64.Build.0 = Release|Any CPU
		{7D30EF65-F2B3-47F6-A977-B7DA5B855E26}.Release|x86.ActiveCfg = Release|Any CPU
		{7D30EF65-F2B3-47F6-A977-B7DA5B855E26}.Release|x86.Build.0 = Release|Any CPU
	EndGlobalSection
	GlobalSection(SolutionProperties) = preSolution
		HideSolutionNode = FALSE
	EndGlobalSection
	GlobalSection(ExtensibilityGlobals) = postSolution
		SolutionGuid = {DBA6C304-7E51-4492-9FD0-1075A5CF7C3B}
	EndGlobalSection
EndGlobal
