
Microsoft Visual Studio Solution File, Format Version 12.00
# Visual Studio 15
VisualStudioVersion = 15.0.27130.0
MinimumVisualStudioVersion = 10.0.40219.1
Project("{2150E333-8FDC-42A3-9474-1A3956D46DE8}") = "SmsEagle", "SmsEagle", "{DDD30121-A033-4C45-8A94-4A98BAA23B47}"
EndProject
Project("{FAE04EC0-301F-11D3-BF4B-00C04F79EFBC}") = "Web", "SmsEagle\Web\Web.csproj", "{2A32E093-AB30-4B33-994A-7886959A0438}"
EndProject
Global
	GlobalSection(SolutionProperties) = preSolution
		HideSolutionNode = FALSE
	EndGlobalSection
	GlobalSection(ExtensibilityGlobals) = postSolution
		SolutionGuid = {13ABF3B3-E3E0-4DD0-B395-4C65ED570667}
	EndGlobalSection
	GlobalSection(SolutionConfigurationPlatforms) = preSolution
		Debug|Any CPU = Debug|Any CPU
		Debug|x64 = Debug|x64
		Debug|x86 = Debug|x86
		Release|Any CPU = Release|Any CPU
		Release|x64 = Release|x64
		Release|x86 = Release|x86
	EndGlobalSection
	GlobalSection(ProjectConfigurationPlatforms) = postSolution
		{2A32E093-AB30-4B33-994A-7886959A0438}.Debug|Any CPU.ActiveCfg = Debug|Any CPU
		{2A32E093-AB30-4B33-994A-7886959A0438}.Debug|Any CPU.Build.0 = Debug|Any CPU
		{2A32E093-AB30-4B33-994A-7886959A0438}.Debug|x64.ActiveCfg = Debug|x64
		{2A32E093-AB30-4B33-994A-7886959A0438}.Debug|x64.Build.0 = Debug|x64
		{2A32E093-AB30-4B33-994A-7886959A0438}.Debug|x86.ActiveCfg = Debug|x86
		{2A32E093-AB30-4B33-994A-7886959A0438}.Debug|x86.Build.0 = Debug|x86
		{2A32E093-AB30-4B33-994A-7886959A0438}.Release|Any CPU.ActiveCfg = Release|Any CPU
		{2A32E093-AB30-4B33-994A-7886959A0438}.Release|Any CPU.Build.0 = Release|Any CPU
		{2A32E093-AB30-4B33-994A-7886959A0438}.Release|x64.ActiveCfg = Release|x64
		{2A32E093-AB30-4B33-994A-7886959A0438}.Release|x64.Build.0 = Release|x64
		{2A32E093-AB30-4B33-994A-7886959A0438}.Release|x86.ActiveCfg = Release|x86
		{2A32E093-AB30-4B33-994A-7886959A0438}.Release|x86.Build.0 = Release|x86
	EndGlobalSection
	GlobalSection(NestedProjects) = preSolution
		{2A32E093-AB30-4B33-994A-7886959A0438} = {DDD30121-A033-4C45-8A94-4A98BAA23B47}
	EndGlobalSection
EndGlobal
