
Microsoft Visual Studio Solution File, Format Version 12.00
# Visual Studio 15
VisualStudioVersion = 15.0.27130.2020
MinimumVisualStudioVersion = 15.0.26124.0
Project("{9A19103F-16F7-4668-BE54-9A1E7A4F7556}") = "Web", "Web\Web.csproj", "{39FC4632-3667-463D-96E6-3F274B0C0163}"
EndProject
Project("{9A19103F-16F7-4668-BE54-9A1E7A4F7556}") = "Events", "Events\Events.csproj", "{E6F0A310-CAA3-46F0-88B5-8FD364554EE3}"
EndProject
Project("{9A19103F-16F7-4668-BE54-9A1E7A4F7556}") = "Domain", "Domain\Domain.csproj", "{D2CE4A3D-F053-4CE1-94F8-ED43460D3CEA}"
EndProject
Project("{9A19103F-16F7-4668-BE54-9A1E7A4F7556}") = "Read", "Read\Read.csproj", "{5851F1FE-2E89-4332-8BFF-93DC11998F57}"
EndProject
Project("{9A19103F-16F7-4668-BE54-9A1E7A4F7556}") = "Infrastructure.AspNet", "..\Infrastructure\AspNet\Infrastructure.AspNet.csproj", "{1B16B807-809C-4F3E-8475-0DA4F0428F56}"
EndProject
Project("{9A19103F-16F7-4668-BE54-9A1E7A4F7556}") = "Infrastructure.Logging", "..\Infrastructure\Logging\Infrastructure.Logging.csproj", "{EC965ABF-9289-4DAD-9ECF-A5A698241FF3}"
EndProject
Project("{9A19103F-16F7-4668-BE54-9A1E7A4F7556}") = "Infrastructure.Read", "..\Infrastructure\Read\Infrastructure.Read.csproj", "{870BA79F-7CF7-41B6-B346-7DAE3877D28F}"
EndProject
Project("{9A19103F-16F7-4668-BE54-9A1E7A4F7556}") = "Concepts", "Concepts\Concepts.csproj", "{2EA7F55C-3C04-4AC7-8E27-48493715CF28}"
EndProject
Project("{9A19103F-16F7-4668-BE54-9A1E7A4F7556}") = "Infrastructure.Rules", "..\Infrastructure\Rules\Infrastructure.Rules.csproj", "{E8EA1212-0A4E-42C2-B1DF-2AE4022FA04C}"
EndProject
Project("{9A19103F-16F7-4668-BE54-9A1E7A4F7556}") = "Infrastructure.Events", "..\Infrastructure\Events\Infrastructure.Events.csproj", "{39992F0C-B625-4A21-AED0-1150BAA35C4F}"
EndProject
Project("{9A19103F-16F7-4668-BE54-9A1E7A4F7556}") = "Rules", "Rules\Rules.csproj", "{FA13A8A6-519B-46B1-83BA-40CABBDAE5EF}"
EndProject
Project("{9A19103F-16F7-4668-BE54-9A1E7A4F7556}") = "Infrastructure.MSpec", "..\Infrastructure\MSpec\Infrastructure.MSpec.csproj", "{3A9E2C2A-3D9F-4139-92F9-6CACCE7132AC}"
EndProject
Project("{9A19103F-16F7-4668-BE54-9A1E7A4F7556}") = "Events.UserManagement", "Events.UserManagement\Events.UserManagement.csproj", "{66E7B29E-B527-47A6-BC9C-AE579CE3B0C1}"
EndProject
Global
	GlobalSection(SolutionConfigurationPlatforms) = preSolution
		Debug|Any CPU = Debug|Any CPU
		Debug|x64 = Debug|x64
		Debug|x86 = Debug|x86
		Release|Any CPU = Release|Any CPU
		Release|x64 = Release|x64
		Release|x86 = Release|x86
	EndGlobalSection
	GlobalSection(ProjectConfigurationPlatforms) = postSolution
		{39FC4632-3667-463D-96E6-3F274B0C0163}.Debug|Any CPU.ActiveCfg = Debug|Any CPU
		{39FC4632-3667-463D-96E6-3F274B0C0163}.Debug|Any CPU.Build.0 = Debug|Any CPU
		{39FC4632-3667-463D-96E6-3F274B0C0163}.Debug|x64.ActiveCfg = Debug|Any CPU
		{39FC4632-3667-463D-96E6-3F274B0C0163}.Debug|x64.Build.0 = Debug|Any CPU
		{39FC4632-3667-463D-96E6-3F274B0C0163}.Debug|x86.ActiveCfg = Debug|Any CPU
		{39FC4632-3667-463D-96E6-3F274B0C0163}.Debug|x86.Build.0 = Debug|Any CPU
		{39FC4632-3667-463D-96E6-3F274B0C0163}.Release|Any CPU.ActiveCfg = Release|Any CPU
		{39FC4632-3667-463D-96E6-3F274B0C0163}.Release|Any CPU.Build.0 = Release|Any CPU
		{39FC4632-3667-463D-96E6-3F274B0C0163}.Release|x64.ActiveCfg = Release|Any CPU
		{39FC4632-3667-463D-96E6-3F274B0C0163}.Release|x64.Build.0 = Release|Any CPU
		{39FC4632-3667-463D-96E6-3F274B0C0163}.Release|x86.ActiveCfg = Release|Any CPU
		{39FC4632-3667-463D-96E6-3F274B0C0163}.Release|x86.Build.0 = Release|Any CPU
		{E6F0A310-CAA3-46F0-88B5-8FD364554EE3}.Debug|Any CPU.ActiveCfg = Debug|Any CPU
		{E6F0A310-CAA3-46F0-88B5-8FD364554EE3}.Debug|Any CPU.Build.0 = Debug|Any CPU
		{E6F0A310-CAA3-46F0-88B5-8FD364554EE3}.Debug|x64.ActiveCfg = Debug|Any CPU
		{E6F0A310-CAA3-46F0-88B5-8FD364554EE3}.Debug|x64.Build.0 = Debug|Any CPU
		{E6F0A310-CAA3-46F0-88B5-8FD364554EE3}.Debug|x86.ActiveCfg = Debug|Any CPU
		{E6F0A310-CAA3-46F0-88B5-8FD364554EE3}.Debug|x86.Build.0 = Debug|Any CPU
		{E6F0A310-CAA3-46F0-88B5-8FD364554EE3}.Release|Any CPU.ActiveCfg = Release|Any CPU
		{E6F0A310-CAA3-46F0-88B5-8FD364554EE3}.Release|Any CPU.Build.0 = Release|Any CPU
		{E6F0A310-CAA3-46F0-88B5-8FD364554EE3}.Release|x64.ActiveCfg = Release|Any CPU
		{E6F0A310-CAA3-46F0-88B5-8FD364554EE3}.Release|x64.Build.0 = Release|Any CPU
		{E6F0A310-CAA3-46F0-88B5-8FD364554EE3}.Release|x86.ActiveCfg = Release|Any CPU
		{E6F0A310-CAA3-46F0-88B5-8FD364554EE3}.Release|x86.Build.0 = Release|Any CPU
		{D2CE4A3D-F053-4CE1-94F8-ED43460D3CEA}.Debug|Any CPU.ActiveCfg = Debug|Any CPU
		{D2CE4A3D-F053-4CE1-94F8-ED43460D3CEA}.Debug|Any CPU.Build.0 = Debug|Any CPU
		{D2CE4A3D-F053-4CE1-94F8-ED43460D3CEA}.Debug|x64.ActiveCfg = Debug|Any CPU
		{D2CE4A3D-F053-4CE1-94F8-ED43460D3CEA}.Debug|x64.Build.0 = Debug|Any CPU
		{D2CE4A3D-F053-4CE1-94F8-ED43460D3CEA}.Debug|x86.ActiveCfg = Debug|Any CPU
		{D2CE4A3D-F053-4CE1-94F8-ED43460D3CEA}.Debug|x86.Build.0 = Debug|Any CPU
		{D2CE4A3D-F053-4CE1-94F8-ED43460D3CEA}.Release|Any CPU.ActiveCfg = Release|Any CPU
		{D2CE4A3D-F053-4CE1-94F8-ED43460D3CEA}.Release|Any CPU.Build.0 = Release|Any CPU
		{D2CE4A3D-F053-4CE1-94F8-ED43460D3CEA}.Release|x64.ActiveCfg = Release|Any CPU
		{D2CE4A3D-F053-4CE1-94F8-ED43460D3CEA}.Release|x64.Build.0 = Release|Any CPU
		{D2CE4A3D-F053-4CE1-94F8-ED43460D3CEA}.Release|x86.ActiveCfg = Release|Any CPU
		{D2CE4A3D-F053-4CE1-94F8-ED43460D3CEA}.Release|x86.Build.0 = Release|Any CPU
		{5851F1FE-2E89-4332-8BFF-93DC11998F57}.Debug|Any CPU.ActiveCfg = Debug|Any CPU
		{5851F1FE-2E89-4332-8BFF-93DC11998F57}.Debug|Any CPU.Build.0 = Debug|Any CPU
		{5851F1FE-2E89-4332-8BFF-93DC11998F57}.Debug|x64.ActiveCfg = Debug|Any CPU
		{5851F1FE-2E89-4332-8BFF-93DC11998F57}.Debug|x64.Build.0 = Debug|Any CPU
		{5851F1FE-2E89-4332-8BFF-93DC11998F57}.Debug|x86.ActiveCfg = Debug|Any CPU
		{5851F1FE-2E89-4332-8BFF-93DC11998F57}.Debug|x86.Build.0 = Debug|Any CPU
		{5851F1FE-2E89-4332-8BFF-93DC11998F57}.Release|Any CPU.ActiveCfg = Release|Any CPU
		{5851F1FE-2E89-4332-8BFF-93DC11998F57}.Release|Any CPU.Build.0 = Release|Any CPU
		{5851F1FE-2E89-4332-8BFF-93DC11998F57}.Release|x64.ActiveCfg = Release|Any CPU
		{5851F1FE-2E89-4332-8BFF-93DC11998F57}.Release|x64.Build.0 = Release|Any CPU
		{5851F1FE-2E89-4332-8BFF-93DC11998F57}.Release|x86.ActiveCfg = Release|Any CPU
		{5851F1FE-2E89-4332-8BFF-93DC11998F57}.Release|x86.Build.0 = Release|Any CPU
		{1B16B807-809C-4F3E-8475-0DA4F0428F56}.Debug|Any CPU.ActiveCfg = Debug|Any CPU
		{1B16B807-809C-4F3E-8475-0DA4F0428F56}.Debug|Any CPU.Build.0 = Debug|Any CPU
		{1B16B807-809C-4F3E-8475-0DA4F0428F56}.Debug|x64.ActiveCfg = Debug|Any CPU
		{1B16B807-809C-4F3E-8475-0DA4F0428F56}.Debug|x64.Build.0 = Debug|Any CPU
		{1B16B807-809C-4F3E-8475-0DA4F0428F56}.Debug|x86.ActiveCfg = Debug|Any CPU
		{1B16B807-809C-4F3E-8475-0DA4F0428F56}.Debug|x86.Build.0 = Debug|Any CPU
		{1B16B807-809C-4F3E-8475-0DA4F0428F56}.Release|Any CPU.ActiveCfg = Release|Any CPU
		{1B16B807-809C-4F3E-8475-0DA4F0428F56}.Release|Any CPU.Build.0 = Release|Any CPU
		{1B16B807-809C-4F3E-8475-0DA4F0428F56}.Release|x64.ActiveCfg = Release|Any CPU
		{1B16B807-809C-4F3E-8475-0DA4F0428F56}.Release|x64.Build.0 = Release|Any CPU
		{1B16B807-809C-4F3E-8475-0DA4F0428F56}.Release|x86.ActiveCfg = Release|Any CPU
		{1B16B807-809C-4F3E-8475-0DA4F0428F56}.Release|x86.Build.0 = Release|Any CPU
		{EC965ABF-9289-4DAD-9ECF-A5A698241FF3}.Debug|Any CPU.ActiveCfg = Debug|Any CPU
		{EC965ABF-9289-4DAD-9ECF-A5A698241FF3}.Debug|Any CPU.Build.0 = Debug|Any CPU
		{EC965ABF-9289-4DAD-9ECF-A5A698241FF3}.Debug|x64.ActiveCfg = Debug|Any CPU
		{EC965ABF-9289-4DAD-9ECF-A5A698241FF3}.Debug|x64.Build.0 = Debug|Any CPU
		{EC965ABF-9289-4DAD-9ECF-A5A698241FF3}.Debug|x86.ActiveCfg = Debug|Any CPU
		{EC965ABF-9289-4DAD-9ECF-A5A698241FF3}.Debug|x86.Build.0 = Debug|Any CPU
		{EC965ABF-9289-4DAD-9ECF-A5A698241FF3}.Release|Any CPU.ActiveCfg = Release|Any CPU
		{EC965ABF-9289-4DAD-9ECF-A5A698241FF3}.Release|Any CPU.Build.0 = Release|Any CPU
		{EC965ABF-9289-4DAD-9ECF-A5A698241FF3}.Release|x64.ActiveCfg = Release|Any CPU
		{EC965ABF-9289-4DAD-9ECF-A5A698241FF3}.Release|x64.Build.0 = Release|Any CPU
		{EC965ABF-9289-4DAD-9ECF-A5A698241FF3}.Release|x86.ActiveCfg = Release|Any CPU
		{EC965ABF-9289-4DAD-9ECF-A5A698241FF3}.Release|x86.Build.0 = Release|Any CPU
		{870BA79F-7CF7-41B6-B346-7DAE3877D28F}.Debug|Any CPU.ActiveCfg = Debug|Any CPU
		{870BA79F-7CF7-41B6-B346-7DAE3877D28F}.Debug|Any CPU.Build.0 = Debug|Any CPU
		{870BA79F-7CF7-41B6-B346-7DAE3877D28F}.Debug|x64.ActiveCfg = Debug|Any CPU
		{870BA79F-7CF7-41B6-B346-7DAE3877D28F}.Debug|x64.Build.0 = Debug|Any CPU
		{870BA79F-7CF7-41B6-B346-7DAE3877D28F}.Debug|x86.ActiveCfg = Debug|Any CPU
		{870BA79F-7CF7-41B6-B346-7DAE3877D28F}.Debug|x86.Build.0 = Debug|Any CPU
		{870BA79F-7CF7-41B6-B346-7DAE3877D28F}.Release|Any CPU.ActiveCfg = Release|Any CPU
		{870BA79F-7CF7-41B6-B346-7DAE3877D28F}.Release|Any CPU.Build.0 = Release|Any CPU
		{870BA79F-7CF7-41B6-B346-7DAE3877D28F}.Release|x64.ActiveCfg = Release|Any CPU
		{870BA79F-7CF7-41B6-B346-7DAE3877D28F}.Release|x64.Build.0 = Release|Any CPU
		{870BA79F-7CF7-41B6-B346-7DAE3877D28F}.Release|x86.ActiveCfg = Release|Any CPU
		{870BA79F-7CF7-41B6-B346-7DAE3877D28F}.Release|x86.Build.0 = Release|Any CPU
		{2EA7F55C-3C04-4AC7-8E27-48493715CF28}.Debug|Any CPU.ActiveCfg = Debug|Any CPU
		{2EA7F55C-3C04-4AC7-8E27-48493715CF28}.Debug|Any CPU.Build.0 = Debug|Any CPU
		{2EA7F55C-3C04-4AC7-8E27-48493715CF28}.Debug|x64.ActiveCfg = Debug|Any CPU
		{2EA7F55C-3C04-4AC7-8E27-48493715CF28}.Debug|x64.Build.0 = Debug|Any CPU
		{2EA7F55C-3C04-4AC7-8E27-48493715CF28}.Debug|x86.ActiveCfg = Debug|Any CPU
		{2EA7F55C-3C04-4AC7-8E27-48493715CF28}.Debug|x86.Build.0 = Debug|Any CPU
		{2EA7F55C-3C04-4AC7-8E27-48493715CF28}.Release|Any CPU.ActiveCfg = Release|Any CPU
		{2EA7F55C-3C04-4AC7-8E27-48493715CF28}.Release|Any CPU.Build.0 = Release|Any CPU
		{2EA7F55C-3C04-4AC7-8E27-48493715CF28}.Release|x64.ActiveCfg = Release|Any CPU
		{2EA7F55C-3C04-4AC7-8E27-48493715CF28}.Release|x64.Build.0 = Release|Any CPU
		{2EA7F55C-3C04-4AC7-8E27-48493715CF28}.Release|x86.ActiveCfg = Release|Any CPU
		{2EA7F55C-3C04-4AC7-8E27-48493715CF28}.Release|x86.Build.0 = Release|Any CPU
		{E8EA1212-0A4E-42C2-B1DF-2AE4022FA04C}.Debug|Any CPU.ActiveCfg = Debug|Any CPU
		{E8EA1212-0A4E-42C2-B1DF-2AE4022FA04C}.Debug|Any CPU.Build.0 = Debug|Any CPU
		{E8EA1212-0A4E-42C2-B1DF-2AE4022FA04C}.Debug|x64.ActiveCfg = Debug|Any CPU
		{E8EA1212-0A4E-42C2-B1DF-2AE4022FA04C}.Debug|x64.Build.0 = Debug|Any CPU
		{E8EA1212-0A4E-42C2-B1DF-2AE4022FA04C}.Debug|x86.ActiveCfg = Debug|Any CPU
		{E8EA1212-0A4E-42C2-B1DF-2AE4022FA04C}.Debug|x86.Build.0 = Debug|Any CPU
		{E8EA1212-0A4E-42C2-B1DF-2AE4022FA04C}.Release|Any CPU.ActiveCfg = Release|Any CPU
		{E8EA1212-0A4E-42C2-B1DF-2AE4022FA04C}.Release|Any CPU.Build.0 = Release|Any CPU
		{E8EA1212-0A4E-42C2-B1DF-2AE4022FA04C}.Release|x64.ActiveCfg = Release|Any CPU
		{E8EA1212-0A4E-42C2-B1DF-2AE4022FA04C}.Release|x64.Build.0 = Release|Any CPU
		{E8EA1212-0A4E-42C2-B1DF-2AE4022FA04C}.Release|x86.ActiveCfg = Release|Any CPU
		{E8EA1212-0A4E-42C2-B1DF-2AE4022FA04C}.Release|x86.Build.0 = Release|Any CPU
		{39992F0C-B625-4A21-AED0-1150BAA35C4F}.Debug|Any CPU.ActiveCfg = Debug|Any CPU
		{39992F0C-B625-4A21-AED0-1150BAA35C4F}.Debug|Any CPU.Build.0 = Debug|Any CPU
		{39992F0C-B625-4A21-AED0-1150BAA35C4F}.Debug|x64.ActiveCfg = Debug|Any CPU
		{39992F0C-B625-4A21-AED0-1150BAA35C4F}.Debug|x64.Build.0 = Debug|Any CPU
		{39992F0C-B625-4A21-AED0-1150BAA35C4F}.Debug|x86.ActiveCfg = Debug|Any CPU
		{39992F0C-B625-4A21-AED0-1150BAA35C4F}.Debug|x86.Build.0 = Debug|Any CPU
		{39992F0C-B625-4A21-AED0-1150BAA35C4F}.Release|Any CPU.ActiveCfg = Release|Any CPU
		{39992F0C-B625-4A21-AED0-1150BAA35C4F}.Release|Any CPU.Build.0 = Release|Any CPU
		{39992F0C-B625-4A21-AED0-1150BAA35C4F}.Release|x64.ActiveCfg = Release|Any CPU
		{39992F0C-B625-4A21-AED0-1150BAA35C4F}.Release|x64.Build.0 = Release|Any CPU
		{39992F0C-B625-4A21-AED0-1150BAA35C4F}.Release|x86.ActiveCfg = Release|Any CPU
		{39992F0C-B625-4A21-AED0-1150BAA35C4F}.Release|x86.Build.0 = Release|Any CPU
		{FA13A8A6-519B-46B1-83BA-40CABBDAE5EF}.Debug|Any CPU.ActiveCfg = Debug|Any CPU
		{FA13A8A6-519B-46B1-83BA-40CABBDAE5EF}.Debug|Any CPU.Build.0 = Debug|Any CPU
		{FA13A8A6-519B-46B1-83BA-40CABBDAE5EF}.Debug|x64.ActiveCfg = Debug|Any CPU
		{FA13A8A6-519B-46B1-83BA-40CABBDAE5EF}.Debug|x64.Build.0 = Debug|Any CPU
		{FA13A8A6-519B-46B1-83BA-40CABBDAE5EF}.Debug|x86.ActiveCfg = Debug|Any CPU
		{FA13A8A6-519B-46B1-83BA-40CABBDAE5EF}.Debug|x86.Build.0 = Debug|Any CPU
		{FA13A8A6-519B-46B1-83BA-40CABBDAE5EF}.Release|Any CPU.ActiveCfg = Release|Any CPU
		{FA13A8A6-519B-46B1-83BA-40CABBDAE5EF}.Release|Any CPU.Build.0 = Release|Any CPU
		{FA13A8A6-519B-46B1-83BA-40CABBDAE5EF}.Release|x64.ActiveCfg = Release|Any CPU
		{FA13A8A6-519B-46B1-83BA-40CABBDAE5EF}.Release|x64.Build.0 = Release|Any CPU
		{FA13A8A6-519B-46B1-83BA-40CABBDAE5EF}.Release|x86.ActiveCfg = Release|Any CPU
		{FA13A8A6-519B-46B1-83BA-40CABBDAE5EF}.Release|x86.Build.0 = Release|Any CPU
		{3A9E2C2A-3D9F-4139-92F9-6CACCE7132AC}.Debug|Any CPU.ActiveCfg = Debug|Any CPU
		{3A9E2C2A-3D9F-4139-92F9-6CACCE7132AC}.Debug|Any CPU.Build.0 = Debug|Any CPU
		{3A9E2C2A-3D9F-4139-92F9-6CACCE7132AC}.Debug|x64.ActiveCfg = Debug|Any CPU
		{3A9E2C2A-3D9F-4139-92F9-6CACCE7132AC}.Debug|x64.Build.0 = Debug|Any CPU
		{3A9E2C2A-3D9F-4139-92F9-6CACCE7132AC}.Debug|x86.ActiveCfg = Debug|Any CPU
		{3A9E2C2A-3D9F-4139-92F9-6CACCE7132AC}.Debug|x86.Build.0 = Debug|Any CPU
		{3A9E2C2A-3D9F-4139-92F9-6CACCE7132AC}.Release|Any CPU.ActiveCfg = Release|Any CPU
		{3A9E2C2A-3D9F-4139-92F9-6CACCE7132AC}.Release|Any CPU.Build.0 = Release|Any CPU
		{3A9E2C2A-3D9F-4139-92F9-6CACCE7132AC}.Release|x64.ActiveCfg = Release|Any CPU
		{3A9E2C2A-3D9F-4139-92F9-6CACCE7132AC}.Release|x64.Build.0 = Release|Any CPU
		{3A9E2C2A-3D9F-4139-92F9-6CACCE7132AC}.Release|x86.ActiveCfg = Release|Any CPU
		{3A9E2C2A-3D9F-4139-92F9-6CACCE7132AC}.Release|x86.Build.0 = Release|Any CPU
		{66E7B29E-B527-47A6-BC9C-AE579CE3B0C1}.Debug|Any CPU.ActiveCfg = Debug|Any CPU
		{66E7B29E-B527-47A6-BC9C-AE579CE3B0C1}.Debug|Any CPU.Build.0 = Debug|Any CPU
		{66E7B29E-B527-47A6-BC9C-AE579CE3B0C1}.Debug|x64.ActiveCfg = Debug|Any CPU
		{66E7B29E-B527-47A6-BC9C-AE579CE3B0C1}.Debug|x64.Build.0 = Debug|Any CPU
		{66E7B29E-B527-47A6-BC9C-AE579CE3B0C1}.Debug|x86.ActiveCfg = Debug|Any CPU
		{66E7B29E-B527-47A6-BC9C-AE579CE3B0C1}.Debug|x86.Build.0 = Debug|Any CPU
		{66E7B29E-B527-47A6-BC9C-AE579CE3B0C1}.Release|Any CPU.ActiveCfg = Release|Any CPU
		{66E7B29E-B527-47A6-BC9C-AE579CE3B0C1}.Release|Any CPU.Build.0 = Release|Any CPU
		{66E7B29E-B527-47A6-BC9C-AE579CE3B0C1}.Release|x64.ActiveCfg = Release|Any CPU
		{66E7B29E-B527-47A6-BC9C-AE579CE3B0C1}.Release|x64.Build.0 = Release|Any CPU
		{66E7B29E-B527-47A6-BC9C-AE579CE3B0C1}.Release|x86.ActiveCfg = Release|Any CPU
		{66E7B29E-B527-47A6-BC9C-AE579CE3B0C1}.Release|x86.Build.0 = Release|Any CPU
	EndGlobalSection
	GlobalSection(SolutionProperties) = preSolution
		HideSolutionNode = FALSE
	EndGlobalSection
	GlobalSection(ExtensibilityGlobals) = postSolution
		SolutionGuid = {17801FC2-64A0-4672-B9EA-1D58D1C27A56}
	EndGlobalSection
EndGlobal
