Microsoft Visual Studio Solution File, Format Version 12.00
# Visual Studio 15
VisualStudioVersion = 15.0.27130.2027
MinimumVisualStudioVersion = 15.0.26124.0
Project("{9A19103F-16F7-4668-BE54-9A1E7A4F7556}") = "Web", "Web\Web.csproj", "{39FC4632-3667-463D-96E6-3F274B0C0163}"
EndProject
Project("{9A19103F-16F7-4668-BE54-9A1E7A4F7556}") = "Events", "Events\Events.csproj", "{E6F0A310-CAA3-46F0-88B5-8FD364554EE3}"
EndProject
Project("{9A19103F-16F7-4668-BE54-9A1E7A4F7556}") = "Domain", "Domain\Domain.csproj", "{D2CE4A3D-F053-4CE1-94F8-ED43460D3CEA}"
EndProject
Project("{9A19103F-16F7-4668-BE54-9A1E7A4F7556}") = "FluentValidation.AspNetCore", "..\Infrastructure\FluentValidation.AspNetCore\FluentValidation.AspNetCore.csproj", "{DD77BAC8-D727-4EFE-971E-67DA1EF2900D}"
EndProject
Project("{9A19103F-16F7-4668-BE54-9A1E7A4F7556}") = "Read", "Read\Read.csproj", "{5851F1FE-2E89-4332-8BFF-93DC11998F57}"
EndProject
Project("{9A19103F-16F7-4668-BE54-9A1E7A4F7556}") = "Infrastructure.AspNet", "..\Infrastructure\AspNet\Infrastructure.AspNet.csproj", "{1B16B807-809C-4F3E-8475-0DA4F0428F56}"
EndProject
Project("{9A19103F-16F7-4668-BE54-9A1E7A4F7556}") = "Infrastructure.Events.Web", "..\Infrastructure\Events.Web\Infrastructure.Events.Web.csproj", "{205EB6D9-200D-43BD-950B-834669CC37AB}"
EndProject
Project("{9A19103F-16F7-4668-BE54-9A1E7A4F7556}") = "Domain.Tests", "Tests\Domain.Tests\Domain.Tests.csproj", "{C0090814-80D7-4C9D-963B-D576AFF2D7D6}"
EndProject
Project("{9A19103F-16F7-4668-BE54-9A1E7A4F7556}") = "Read.Tests", "Tests\Read.Tests\Read.Tests.csproj", "{42AE4D08-7820-4C60-85FE-5FFFD5E1B1BE}"
EndProject
Project("{9A19103F-16F7-4668-BE54-9A1E7A4F7556}") = "Web.Tests", "Tests\Web.Tests\Web.Tests.csproj", "{8B66717A-23B5-4AAC-B1ED-29BC866A0939}"
EndProject
Project("{9A19103F-16F7-4668-BE54-9A1E7A4F7556}") = "Logging", "..\Infrastructure\Logging\Logging.csproj", "{EC965ABF-9289-4DAD-9ECF-A5A698241FF3}"
EndProject
Project("{FAE04EC0-301F-11D3-BF4B-00C04F79EFBC}") = "Domain.RuleImplementations", "Domain.RuleImplementations\Domain.RuleImplementations.csproj", "{35169220-BE52-4C4E-BAA3-585C29870FCE}"
EndProject
Global
	GlobalSection(SolutionConfigurationPlatforms) = preSolution
		Debug|Any CPU = Debug|Any CPU
		Debug|x64 = Debug|x64
		Debug|x86 = Debug|x86
		Release|Any CPU = Release|Any CPU
		Release|x64 = Release|x64
		Release|x86 = Release|x86
	EndGlobalSection
	GlobalSection(ProjectConfigurationPlatforms) = postSolution
		{39FC4632-3667-463D-96E6-3F274B0C0163}.Debug|Any CPU.ActiveCfg = Debug|Any CPU
		{39FC4632-3667-463D-96E6-3F274B0C0163}.Debug|Any CPU.Build.0 = Debug|Any CPU
		{39FC4632-3667-463D-96E6-3F274B0C0163}.Debug|x64.ActiveCfg = Debug|Any CPU
		{39FC4632-3667-463D-96E6-3F274B0C0163}.Debug|x64.Build.0 = Debug|Any CPU
		{39FC4632-3667-463D-96E6-3F274B0C0163}.Debug|x86.ActiveCfg = Debug|Any CPU
		{39FC4632-3667-463D-96E6-3F274B0C0163}.Debug|x86.Build.0 = Debug|Any CPU
		{39FC4632-3667-463D-96E6-3F274B0C0163}.Release|Any CPU.ActiveCfg = Release|Any CPU
		{39FC4632-3667-463D-96E6-3F274B0C0163}.Release|Any CPU.Build.0 = Release|Any CPU
		{39FC4632-3667-463D-96E6-3F274B0C0163}.Release|x64.ActiveCfg = Release|Any CPU
		{39FC4632-3667-463D-96E6-3F274B0C0163}.Release|x64.Build.0 = Release|Any CPU
		{39FC4632-3667-463D-96E6-3F274B0C0163}.Release|x86.ActiveCfg = Release|Any CPU
		{39FC4632-3667-463D-96E6-3F274B0C0163}.Release|x86.Build.0 = Release|Any CPU
		{E6F0A310-CAA3-46F0-88B5-8FD364554EE3}.Debug|Any CPU.ActiveCfg = Debug|Any CPU
		{E6F0A310-CAA3-46F0-88B5-8FD364554EE3}.Debug|Any CPU.Build.0 = Debug|Any CPU
		{E6F0A310-CAA3-46F0-88B5-8FD364554EE3}.Debug|x64.ActiveCfg = Debug|Any CPU
		{E6F0A310-CAA3-46F0-88B5-8FD364554EE3}.Debug|x64.Build.0 = Debug|Any CPU
		{E6F0A310-CAA3-46F0-88B5-8FD364554EE3}.Debug|x86.ActiveCfg = Debug|Any CPU
		{E6F0A310-CAA3-46F0-88B5-8FD364554EE3}.Debug|x86.Build.0 = Debug|Any CPU
		{E6F0A310-CAA3-46F0-88B5-8FD364554EE3}.Release|Any CPU.ActiveCfg = Release|Any CPU
		{E6F0A310-CAA3-46F0-88B5-8FD364554EE3}.Release|Any CPU.Build.0 = Release|Any CPU
		{E6F0A310-CAA3-46F0-88B5-8FD364554EE3}.Release|x64.ActiveCfg = Release|Any CPU
		{E6F0A310-CAA3-46F0-88B5-8FD364554EE3}.Release|x64.Build.0 = Release|Any CPU
		{E6F0A310-CAA3-46F0-88B5-8FD364554EE3}.Release|x86.ActiveCfg = Release|Any CPU
		{E6F0A310-CAA3-46F0-88B5-8FD364554EE3}.Release|x86.Build.0 = Release|Any CPU
		{D2CE4A3D-F053-4CE1-94F8-ED43460D3CEA}.Debug|Any CPU.ActiveCfg = Debug|Any CPU
		{D2CE4A3D-F053-4CE1-94F8-ED43460D3CEA}.Debug|Any CPU.Build.0 = Debug|Any CPU
		{D2CE4A3D-F053-4CE1-94F8-ED43460D3CEA}.Debug|x64.ActiveCfg = Debug|Any CPU
		{D2CE4A3D-F053-4CE1-94F8-ED43460D3CEA}.Debug|x64.Build.0 = Debug|Any CPU
		{D2CE4A3D-F053-4CE1-94F8-ED43460D3CEA}.Debug|x86.ActiveCfg = Debug|Any CPU
		{D2CE4A3D-F053-4CE1-94F8-ED43460D3CEA}.Debug|x86.Build.0 = Debug|Any CPU
		{D2CE4A3D-F053-4CE1-94F8-ED43460D3CEA}.Release|Any CPU.ActiveCfg = Release|Any CPU
		{D2CE4A3D-F053-4CE1-94F8-ED43460D3CEA}.Release|Any CPU.Build.0 = Release|Any CPU
		{D2CE4A3D-F053-4CE1-94F8-ED43460D3CEA}.Release|x64.ActiveCfg = Release|Any CPU
		{D2CE4A3D-F053-4CE1-94F8-ED43460D3CEA}.Release|x64.Build.0 = Release|Any CPU
		{D2CE4A3D-F053-4CE1-94F8-ED43460D3CEA}.Release|x86.ActiveCfg = Release|Any CPU
		{D2CE4A3D-F053-4CE1-94F8-ED43460D3CEA}.Release|x86.Build.0 = Release|Any CPU
		{DD77BAC8-D727-4EFE-971E-67DA1EF2900D}.Debug|Any CPU.ActiveCfg = Debug|Any CPU
		{DD77BAC8-D727-4EFE-971E-67DA1EF2900D}.Debug|Any CPU.Build.0 = Debug|Any CPU
		{DD77BAC8-D727-4EFE-971E-67DA1EF2900D}.Debug|x64.ActiveCfg = Debug|Any CPU
		{DD77BAC8-D727-4EFE-971E-67DA1EF2900D}.Debug|x64.Build.0 = Debug|Any CPU
		{DD77BAC8-D727-4EFE-971E-67DA1EF2900D}.Debug|x86.ActiveCfg = Debug|Any CPU
		{DD77BAC8-D727-4EFE-971E-67DA1EF2900D}.Debug|x86.Build.0 = Debug|Any CPU
		{DD77BAC8-D727-4EFE-971E-67DA1EF2900D}.Release|Any CPU.ActiveCfg = Release|Any CPU
		{DD77BAC8-D727-4EFE-971E-67DA1EF2900D}.Release|Any CPU.Build.0 = Release|Any CPU
		{DD77BAC8-D727-4EFE-971E-67DA1EF2900D}.Release|x64.ActiveCfg = Release|Any CPU
		{DD77BAC8-D727-4EFE-971E-67DA1EF2900D}.Release|x64.Build.0 = Release|Any CPU
		{DD77BAC8-D727-4EFE-971E-67DA1EF2900D}.Release|x86.ActiveCfg = Release|Any CPU
		{DD77BAC8-D727-4EFE-971E-67DA1EF2900D}.Release|x86.Build.0 = Release|Any CPU
		{5851F1FE-2E89-4332-8BFF-93DC11998F57}.Debug|Any CPU.ActiveCfg = Debug|Any CPU
		{5851F1FE-2E89-4332-8BFF-93DC11998F57}.Debug|Any CPU.Build.0 = Debug|Any CPU
		{5851F1FE-2E89-4332-8BFF-93DC11998F57}.Debug|x64.ActiveCfg = Debug|Any CPU
		{5851F1FE-2E89-4332-8BFF-93DC11998F57}.Debug|x64.Build.0 = Debug|Any CPU
		{5851F1FE-2E89-4332-8BFF-93DC11998F57}.Debug|x86.ActiveCfg = Debug|Any CPU
		{5851F1FE-2E89-4332-8BFF-93DC11998F57}.Debug|x86.Build.0 = Debug|Any CPU
		{5851F1FE-2E89-4332-8BFF-93DC11998F57}.Release|Any CPU.ActiveCfg = Release|Any CPU
		{5851F1FE-2E89-4332-8BFF-93DC11998F57}.Release|Any CPU.Build.0 = Release|Any CPU
		{5851F1FE-2E89-4332-8BFF-93DC11998F57}.Release|x64.ActiveCfg = Release|Any CPU
		{5851F1FE-2E89-4332-8BFF-93DC11998F57}.Release|x64.Build.0 = Release|Any CPU
		{5851F1FE-2E89-4332-8BFF-93DC11998F57}.Release|x86.ActiveCfg = Release|Any CPU
		{5851F1FE-2E89-4332-8BFF-93DC11998F57}.Release|x86.Build.0 = Release|Any CPU
		{1B16B807-809C-4F3E-8475-0DA4F0428F56}.Debug|Any CPU.ActiveCfg = Debug|Any CPU
		{1B16B807-809C-4F3E-8475-0DA4F0428F56}.Debug|Any CPU.Build.0 = Debug|Any CPU
		{1B16B807-809C-4F3E-8475-0DA4F0428F56}.Debug|x64.ActiveCfg = Debug|Any CPU
		{1B16B807-809C-4F3E-8475-0DA4F0428F56}.Debug|x64.Build.0 = Debug|Any CPU
		{1B16B807-809C-4F3E-8475-0DA4F0428F56}.Debug|x86.ActiveCfg = Debug|Any CPU
		{1B16B807-809C-4F3E-8475-0DA4F0428F56}.Debug|x86.Build.0 = Debug|Any CPU
		{1B16B807-809C-4F3E-8475-0DA4F0428F56}.Release|Any CPU.ActiveCfg = Release|Any CPU
		{1B16B807-809C-4F3E-8475-0DA4F0428F56}.Release|Any CPU.Build.0 = Release|Any CPU
		{1B16B807-809C-4F3E-8475-0DA4F0428F56}.Release|x64.ActiveCfg = Release|Any CPU
		{1B16B807-809C-4F3E-8475-0DA4F0428F56}.Release|x64.Build.0 = Release|Any CPU
		{1B16B807-809C-4F3E-8475-0DA4F0428F56}.Release|x86.ActiveCfg = Release|Any CPU
		{1B16B807-809C-4F3E-8475-0DA4F0428F56}.Release|x86.Build.0 = Release|Any CPU
		{205EB6D9-200D-43BD-950B-834669CC37AB}.Debug|Any CPU.ActiveCfg = Debug|Any CPU
		{205EB6D9-200D-43BD-950B-834669CC37AB}.Debug|Any CPU.Build.0 = Debug|Any CPU
		{205EB6D9-200D-43BD-950B-834669CC37AB}.Debug|x64.ActiveCfg = Debug|Any CPU
		{205EB6D9-200D-43BD-950B-834669CC37AB}.Debug|x64.Build.0 = Debug|Any CPU
		{205EB6D9-200D-43BD-950B-834669CC37AB}.Debug|x86.ActiveCfg = Debug|Any CPU
		{205EB6D9-200D-43BD-950B-834669CC37AB}.Debug|x86.Build.0 = Debug|Any CPU
		{205EB6D9-200D-43BD-950B-834669CC37AB}.Release|Any CPU.ActiveCfg = Release|Any CPU
		{205EB6D9-200D-43BD-950B-834669CC37AB}.Release|Any CPU.Build.0 = Release|Any CPU
		{205EB6D9-200D-43BD-950B-834669CC37AB}.Release|x64.ActiveCfg = Release|Any CPU
		{205EB6D9-200D-43BD-950B-834669CC37AB}.Release|x64.Build.0 = Release|Any CPU
		{205EB6D9-200D-43BD-950B-834669CC37AB}.Release|x86.ActiveCfg = Release|Any CPU
		{205EB6D9-200D-43BD-950B-834669CC37AB}.Release|x86.Build.0 = Release|Any CPU
		{C0090814-80D7-4C9D-963B-D576AFF2D7D6}.Debug|Any CPU.ActiveCfg = Debug|Any CPU
		{C0090814-80D7-4C9D-963B-D576AFF2D7D6}.Debug|Any CPU.Build.0 = Debug|Any CPU
		{C0090814-80D7-4C9D-963B-D576AFF2D7D6}.Debug|x64.ActiveCfg = Debug|Any CPU
		{C0090814-80D7-4C9D-963B-D576AFF2D7D6}.Debug|x64.Build.0 = Debug|Any CPU
		{C0090814-80D7-4C9D-963B-D576AFF2D7D6}.Debug|x86.ActiveCfg = Debug|Any CPU
		{C0090814-80D7-4C9D-963B-D576AFF2D7D6}.Debug|x86.Build.0 = Debug|Any CPU
		{C0090814-80D7-4C9D-963B-D576AFF2D7D6}.Release|Any CPU.ActiveCfg = Release|Any CPU
		{C0090814-80D7-4C9D-963B-D576AFF2D7D6}.Release|Any CPU.Build.0 = Release|Any CPU
		{C0090814-80D7-4C9D-963B-D576AFF2D7D6}.Release|x64.ActiveCfg = Release|Any CPU
		{C0090814-80D7-4C9D-963B-D576AFF2D7D6}.Release|x64.Build.0 = Release|Any CPU
		{C0090814-80D7-4C9D-963B-D576AFF2D7D6}.Release|x86.ActiveCfg = Release|Any CPU
		{C0090814-80D7-4C9D-963B-D576AFF2D7D6}.Release|x86.Build.0 = Release|Any CPU
		{42AE4D08-7820-4C60-85FE-5FFFD5E1B1BE}.Debug|Any CPU.ActiveCfg = Debug|Any CPU
		{42AE4D08-7820-4C60-85FE-5FFFD5E1B1BE}.Debug|Any CPU.Build.0 = Debug|Any CPU
		{42AE4D08-7820-4C60-85FE-5FFFD5E1B1BE}.Debug|x64.ActiveCfg = Debug|Any CPU
		{42AE4D08-7820-4C60-85FE-5FFFD5E1B1BE}.Debug|x64.Build.0 = Debug|Any CPU
		{42AE4D08-7820-4C60-85FE-5FFFD5E1B1BE}.Debug|x86.ActiveCfg = Debug|Any CPU
		{42AE4D08-7820-4C60-85FE-5FFFD5E1B1BE}.Debug|x86.Build.0 = Debug|Any CPU
		{42AE4D08-7820-4C60-85FE-5FFFD5E1B1BE}.Release|Any CPU.ActiveCfg = Release|Any CPU
		{42AE4D08-7820-4C60-85FE-5FFFD5E1B1BE}.Release|Any CPU.Build.0 = Release|Any CPU
		{42AE4D08-7820-4C60-85FE-5FFFD5E1B1BE}.Release|x64.ActiveCfg = Release|Any CPU
		{42AE4D08-7820-4C60-85FE-5FFFD5E1B1BE}.Release|x64.Build.0 = Release|Any CPU
		{42AE4D08-7820-4C60-85FE-5FFFD5E1B1BE}.Release|x86.ActiveCfg = Release|Any CPU
		{42AE4D08-7820-4C60-85FE-5FFFD5E1B1BE}.Release|x86.Build.0 = Release|Any CPU
		{8B66717A-23B5-4AAC-B1ED-29BC866A0939}.Debug|Any CPU.ActiveCfg = Debug|Any CPU
		{8B66717A-23B5-4AAC-B1ED-29BC866A0939}.Debug|Any CPU.Build.0 = Debug|Any CPU
		{8B66717A-23B5-4AAC-B1ED-29BC866A0939}.Debug|x64.ActiveCfg = Debug|Any CPU
		{8B66717A-23B5-4AAC-B1ED-29BC866A0939}.Debug|x64.Build.0 = Debug|Any CPU
		{8B66717A-23B5-4AAC-B1ED-29BC866A0939}.Debug|x86.ActiveCfg = Debug|Any CPU
		{8B66717A-23B5-4AAC-B1ED-29BC866A0939}.Debug|x86.Build.0 = Debug|Any CPU
		{8B66717A-23B5-4AAC-B1ED-29BC866A0939}.Release|Any CPU.ActiveCfg = Release|Any CPU
		{8B66717A-23B5-4AAC-B1ED-29BC866A0939}.Release|Any CPU.Build.0 = Release|Any CPU
		{8B66717A-23B5-4AAC-B1ED-29BC866A0939}.Release|x64.ActiveCfg = Release|Any CPU
		{8B66717A-23B5-4AAC-B1ED-29BC866A0939}.Release|x64.Build.0 = Release|Any CPU
		{8B66717A-23B5-4AAC-B1ED-29BC866A0939}.Release|x86.ActiveCfg = Release|Any CPU
		{8B66717A-23B5-4AAC-B1ED-29BC866A0939}.Release|x86.Build.0 = Release|Any CPU
		{EC965ABF-9289-4DAD-9ECF-A5A698241FF3}.Debug|Any CPU.ActiveCfg = Debug|Any CPU
		{EC965ABF-9289-4DAD-9ECF-A5A698241FF3}.Debug|Any CPU.Build.0 = Debug|Any CPU
		{EC965ABF-9289-4DAD-9ECF-A5A698241FF3}.Debug|x64.ActiveCfg = Debug|Any CPU
		{EC965ABF-9289-4DAD-9ECF-A5A698241FF3}.Debug|x64.Build.0 = Debug|Any CPU
		{EC965ABF-9289-4DAD-9ECF-A5A698241FF3}.Debug|x86.ActiveCfg = Debug|Any CPU
		{EC965ABF-9289-4DAD-9ECF-A5A698241FF3}.Debug|x86.Build.0 = Debug|Any CPU
		{EC965ABF-9289-4DAD-9ECF-A5A698241FF3}.Release|Any CPU.ActiveCfg = Release|Any CPU
		{EC965ABF-9289-4DAD-9ECF-A5A698241FF3}.Release|Any CPU.Build.0 = Release|Any CPU
		{EC965ABF-9289-4DAD-9ECF-A5A698241FF3}.Release|x64.ActiveCfg = Release|Any CPU
		{EC965ABF-9289-4DAD-9ECF-A5A698241FF3}.Release|x64.Build.0 = Release|Any CPU
		{EC965ABF-9289-4DAD-9ECF-A5A698241FF3}.Release|x86.ActiveCfg = Release|Any CPU
		{EC965ABF-9289-4DAD-9ECF-A5A698241FF3}.Release|x86.Build.0 = Release|Any CPU
		{35169220-BE52-4C4E-BAA3-585C29870FCE}.Debug|Any CPU.ActiveCfg = Debug|Any CPU
		{35169220-BE52-4C4E-BAA3-585C29870FCE}.Debug|Any CPU.Build.0 = Debug|Any CPU
		{35169220-BE52-4C4E-BAA3-585C29870FCE}.Debug|x64.ActiveCfg = Debug|Any CPU
		{35169220-BE52-4C4E-BAA3-585C29870FCE}.Debug|x64.Build.0 = Debug|Any CPU
		{35169220-BE52-4C4E-BAA3-585C29870FCE}.Debug|x86.ActiveCfg = Debug|Any CPU
		{35169220-BE52-4C4E-BAA3-585C29870FCE}.Debug|x86.Build.0 = Debug|Any CPU
		{35169220-BE52-4C4E-BAA3-585C29870FCE}.Release|Any CPU.ActiveCfg = Release|Any CPU
		{35169220-BE52-4C4E-BAA3-585C29870FCE}.Release|Any CPU.Build.0 = Release|Any CPU
		{35169220-BE52-4C4E-BAA3-585C29870FCE}.Release|x64.ActiveCfg = Release|Any CPU
		{35169220-BE52-4C4E-BAA3-585C29870FCE}.Release|x64.Build.0 = Release|Any CPU
		{35169220-BE52-4C4E-BAA3-585C29870FCE}.Release|x86.ActiveCfg = Release|Any CPU
		{35169220-BE52-4C4E-BAA3-585C29870FCE}.Release|x86.Build.0 = Release|Any CPU
	EndGlobalSection
	GlobalSection(SolutionProperties) = preSolution
		HideSolutionNode = FALSE
	EndGlobalSection
	GlobalSection(ExtensibilityGlobals) = postSolution
		SolutionGuid = {17801FC2-64A0-4672-B9EA-1D58D1C27A56}
	EndGlobalSection
EndGlobal
