
Microsoft Visual Studio Solution File, Format Version 12.00
# Visual Studio 15
VisualStudioVersion = 15.0.27130.2020
MinimumVisualStudioVersion = 15.0.26124.0
Project("{9A19103F-16F7-4668-BE54-9A1E7A4F7556}") = "Core", "Core\Core.csproj", "{39FC4632-3667-463D-96E6-3F274B0C0163}"
EndProject
Project("{9A19103F-16F7-4668-BE54-9A1E7A4F7556}") = "Events", "Events\Events.csproj", "{E6F0A310-CAA3-46F0-88B5-8FD364554EE3}"
EndProject
Project("{9A19103F-16F7-4668-BE54-9A1E7A4F7556}") = "Domain", "Domain\Domain.csproj", "{D2CE4A3D-F053-4CE1-94F8-ED43460D3CEA}"
EndProject
Project("{9A19103F-16F7-4668-BE54-9A1E7A4F7556}") = "Read", "Read\Read.csproj", "{5851F1FE-2E89-4332-8BFF-93DC11998F57}"
EndProject
Project("{9A19103F-16F7-4668-BE54-9A1E7A4F7556}") = "Concepts", "Concepts\Concepts.csproj", "{2EA7F55C-3C04-4AC7-8E27-48493715CF28}"
EndProject
Project("{9A19103F-16F7-4668-BE54-9A1E7A4F7556}") = "Rules", "Rules\Rules.csproj", "{FA13A8A6-519B-46B1-83BA-40CABBDAE5EF}"
EndProject
Project("{9A19103F-16F7-4668-BE54-9A1E7A4F7556}") = "Infrastructure.Events", "..\Infrastructure\Events\Infrastructure.Events.csproj", "{C30595CA-A9E4-4976-9331-BFAD2F4CB540}"
EndProject
Global
	GlobalSection(SolutionConfigurationPlatforms) = preSolution
		Debug|Any CPU = Debug|Any CPU
		Debug|x64 = Debug|x64
		Debug|x86 = Debug|x86
		Release|Any CPU = Release|Any CPU
		Release|x64 = Release|x64
		Release|x86 = Release|x86
	EndGlobalSection
	GlobalSection(ProjectConfigurationPlatforms) = postSolution
		{39FC4632-3667-463D-96E6-3F274B0C0163}.Debug|Any CPU.ActiveCfg = Debug|Any CPU
		{39FC4632-3667-463D-96E6-3F274B0C0163}.Debug|Any CPU.Build.0 = Debug|Any CPU
		{39FC4632-3667-463D-96E6-3F274B0C0163}.Debug|x64.ActiveCfg = Debug|Any CPU
		{39FC4632-3667-463D-96E6-3F274B0C0163}.Debug|x64.Build.0 = Debug|Any CPU
		{39FC4632-3667-463D-96E6-3F274B0C0163}.Debug|x86.ActiveCfg = Debug|Any CPU
		{39FC4632-3667-463D-96E6-3F274B0C0163}.Debug|x86.Build.0 = Debug|Any CPU
		{39FC4632-3667-463D-96E6-3F274B0C0163}.Release|Any CPU.ActiveCfg = Release|Any CPU
		{39FC4632-3667-463D-96E6-3F274B0C0163}.Release|Any CPU.Build.0 = Release|Any CPU
		{39FC4632-3667-463D-96E6-3F274B0C0163}.Release|x64.ActiveCfg = Release|Any CPU
		{39FC4632-3667-463D-96E6-3F274B0C0163}.Release|x64.Build.0 = Release|Any CPU
		{39FC4632-3667-463D-96E6-3F274B0C0163}.Release|x86.ActiveCfg = Release|Any CPU
		{39FC4632-3667-463D-96E6-3F274B0C0163}.Release|x86.Build.0 = Release|Any CPU
		{E6F0A310-CAA3-46F0-88B5-8FD364554EE3}.Debug|Any CPU.ActiveCfg = Debug|Any CPU
		{E6F0A310-CAA3-46F0-88B5-8FD364554EE3}.Debug|Any CPU.Build.0 = Debug|Any CPU
		{E6F0A310-CAA3-46F0-88B5-8FD364554EE3}.Debug|x64.ActiveCfg = Debug|Any CPU
		{E6F0A310-CAA3-46F0-88B5-8FD364554EE3}.Debug|x64.Build.0 = Debug|Any CPU
		{E6F0A310-CAA3-46F0-88B5-8FD364554EE3}.Debug|x86.ActiveCfg = Debug|Any CPU
		{E6F0A310-CAA3-46F0-88B5-8FD364554EE3}.Debug|x86.Build.0 = Debug|Any CPU
		{E6F0A310-CAA3-46F0-88B5-8FD364554EE3}.Release|Any CPU.ActiveCfg = Release|Any CPU
		{E6F0A310-CAA3-46F0-88B5-8FD364554EE3}.Release|Any CPU.Build.0 = Release|Any CPU
		{E6F0A310-CAA3-46F0-88B5-8FD364554EE3}.Release|x64.ActiveCfg = Release|Any CPU
		{E6F0A310-CAA3-46F0-88B5-8FD364554EE3}.Release|x64.Build.0 = Release|Any CPU
		{E6F0A310-CAA3-46F0-88B5-8FD364554EE3}.Release|x86.ActiveCfg = Release|Any CPU
		{E6F0A310-CAA3-46F0-88B5-8FD364554EE3}.Release|x86.Build.0 = Release|Any CPU
		{D2CE4A3D-F053-4CE1-94F8-ED43460D3CEA}.Debug|Any CPU.ActiveCfg = Debug|Any CPU
		{D2CE4A3D-F053-4CE1-94F8-ED43460D3CEA}.Debug|Any CPU.Build.0 = Debug|Any CPU
		{D2CE4A3D-F053-4CE1-94F8-ED43460D3CEA}.Debug|x64.ActiveCfg = Debug|Any CPU
		{D2CE4A3D-F053-4CE1-94F8-ED43460D3CEA}.Debug|x64.Build.0 = Debug|Any CPU
		{D2CE4A3D-F053-4CE1-94F8-ED43460D3CEA}.Debug|x86.ActiveCfg = Debug|Any CPU
		{D2CE4A3D-F053-4CE1-94F8-ED43460D3CEA}.Debug|x86.Build.0 = Debug|Any CPU
		{D2CE4A3D-F053-4CE1-94F8-ED43460D3CEA}.Release|Any CPU.ActiveCfg = Release|Any CPU
		{D2CE4A3D-F053-4CE1-94F8-ED43460D3CEA}.Release|Any CPU.Build.0 = Release|Any CPU
		{D2CE4A3D-F053-4CE1-94F8-ED43460D3CEA}.Release|x64.ActiveCfg = Release|Any CPU
		{D2CE4A3D-F053-4CE1-94F8-ED43460D3CEA}.Release|x64.Build.0 = Release|Any CPU
		{D2CE4A3D-F053-4CE1-94F8-ED43460D3CEA}.Release|x86.ActiveCfg = Release|Any CPU
		{D2CE4A3D-F053-4CE1-94F8-ED43460D3CEA}.Release|x86.Build.0 = Release|Any CPU
		{5851F1FE-2E89-4332-8BFF-93DC11998F57}.Debug|Any CPU.ActiveCfg = Debug|Any CPU
		{5851F1FE-2E89-4332-8BFF-93DC11998F57}.Debug|Any CPU.Build.0 = Debug|Any CPU
		{5851F1FE-2E89-4332-8BFF-93DC11998F57}.Debug|x64.ActiveCfg = Debug|Any CPU
		{5851F1FE-2E89-4332-8BFF-93DC11998F57}.Debug|x64.Build.0 = Debug|Any CPU
		{5851F1FE-2E89-4332-8BFF-93DC11998F57}.Debug|x86.ActiveCfg = Debug|Any CPU
		{5851F1FE-2E89-4332-8BFF-93DC11998F57}.Debug|x86.Build.0 = Debug|Any CPU
		{5851F1FE-2E89-4332-8BFF-93DC11998F57}.Release|Any CPU.ActiveCfg = Release|Any CPU
		{5851F1FE-2E89-4332-8BFF-93DC11998F57}.Release|Any CPU.Build.0 = Release|Any CPU
		{5851F1FE-2E89-4332-8BFF-93DC11998F57}.Release|x64.ActiveCfg = Release|Any CPU
		{5851F1FE-2E89-4332-8BFF-93DC11998F57}.Release|x64.Build.0 = Release|Any CPU
		{5851F1FE-2E89-4332-8BFF-93DC11998F57}.Release|x86.ActiveCfg = Release|Any CPU
		{5851F1FE-2E89-4332-8BFF-93DC11998F57}.Release|x86.Build.0 = Release|Any CPU
		{2EA7F55C-3C04-4AC7-8E27-48493715CF28}.Debug|Any CPU.ActiveCfg = Debug|Any CPU
		{2EA7F55C-3C04-4AC7-8E27-48493715CF28}.Debug|Any CPU.Build.0 = Debug|Any CPU
		{2EA7F55C-3C04-4AC7-8E27-48493715CF28}.Debug|x64.ActiveCfg = Debug|Any CPU
		{2EA7F55C-3C04-4AC7-8E27-48493715CF28}.Debug|x64.Build.0 = Debug|Any CPU
		{2EA7F55C-3C04-4AC7-8E27-48493715CF28}.Debug|x86.ActiveCfg = Debug|Any CPU
		{2EA7F55C-3C04-4AC7-8E27-48493715CF28}.Debug|x86.Build.0 = Debug|Any CPU
		{2EA7F55C-3C04-4AC7-8E27-48493715CF28}.Release|Any CPU.ActiveCfg = Release|Any CPU
		{2EA7F55C-3C04-4AC7-8E27-48493715CF28}.Release|Any CPU.Build.0 = Release|Any CPU
		{2EA7F55C-3C04-4AC7-8E27-48493715CF28}.Release|x64.ActiveCfg = Release|Any CPU
		{2EA7F55C-3C04-4AC7-8E27-48493715CF28}.Release|x64.Build.0 = Release|Any CPU
		{2EA7F55C-3C04-4AC7-8E27-48493715CF28}.Release|x86.ActiveCfg = Release|Any CPU
		{2EA7F55C-3C04-4AC7-8E27-48493715CF28}.Release|x86.Build.0 = Release|Any CPU
		{FA13A8A6-519B-46B1-83BA-40CABBDAE5EF}.Debug|Any CPU.ActiveCfg = Debug|Any CPU
		{FA13A8A6-519B-46B1-83BA-40CABBDAE5EF}.Debug|Any CPU.Build.0 = Debug|Any CPU
		{FA13A8A6-519B-46B1-83BA-40CABBDAE5EF}.Debug|x64.ActiveCfg = Debug|Any CPU
		{FA13A8A6-519B-46B1-83BA-40CABBDAE5EF}.Debug|x64.Build.0 = Debug|Any CPU
		{FA13A8A6-519B-46B1-83BA-40CABBDAE5EF}.Debug|x86.ActiveCfg = Debug|Any CPU
		{FA13A8A6-519B-46B1-83BA-40CABBDAE5EF}.Debug|x86.Build.0 = Debug|Any CPU
		{FA13A8A6-519B-46B1-83BA-40CABBDAE5EF}.Release|Any CPU.ActiveCfg = Release|Any CPU
		{FA13A8A6-519B-46B1-83BA-40CABBDAE5EF}.Release|Any CPU.Build.0 = Release|Any CPU
		{FA13A8A6-519B-46B1-83BA-40CABBDAE5EF}.Release|x64.ActiveCfg = Release|Any CPU
		{FA13A8A6-519B-46B1-83BA-40CABBDAE5EF}.Release|x64.Build.0 = Release|Any CPU
		{FA13A8A6-519B-46B1-83BA-40CABBDAE5EF}.Release|x86.ActiveCfg = Release|Any CPU
		{FA13A8A6-519B-46B1-83BA-40CABBDAE5EF}.Release|x86.Build.0 = Release|Any CPU
		{C30595CA-A9E4-4976-9331-BFAD2F4CB540}.Debug|Any CPU.ActiveCfg = Debug|Any CPU
		{C30595CA-A9E4-4976-9331-BFAD2F4CB540}.Debug|Any CPU.Build.0 = Debug|Any CPU
		{C30595CA-A9E4-4976-9331-BFAD2F4CB540}.Debug|x64.ActiveCfg = Debug|Any CPU
		{C30595CA-A9E4-4976-9331-BFAD2F4CB540}.Debug|x64.Build.0 = Debug|Any CPU
		{C30595CA-A9E4-4976-9331-BFAD2F4CB540}.Debug|x86.ActiveCfg = Debug|Any CPU
		{C30595CA-A9E4-4976-9331-BFAD2F4CB540}.Debug|x86.Build.0 = Debug|Any CPU
		{C30595CA-A9E4-4976-9331-BFAD2F4CB540}.Release|Any CPU.ActiveCfg = Release|Any CPU
		{C30595CA-A9E4-4976-9331-BFAD2F4CB540}.Release|Any CPU.Build.0 = Release|Any CPU
		{C30595CA-A9E4-4976-9331-BFAD2F4CB540}.Release|x64.ActiveCfg = Release|Any CPU
		{C30595CA-A9E4-4976-9331-BFAD2F4CB540}.Release|x64.Build.0 = Release|Any CPU
		{C30595CA-A9E4-4976-9331-BFAD2F4CB540}.Release|x86.ActiveCfg = Release|Any CPU
		{C30595CA-A9E4-4976-9331-BFAD2F4CB540}.Release|x86.Build.0 = Release|Any CPU
	EndGlobalSection
	GlobalSection(SolutionProperties) = preSolution
		HideSolutionNode = FALSE
	EndGlobalSection
	GlobalSection(ExtensibilityGlobals) = postSolution
		SolutionGuid = {17801FC2-64A0-4672-B9EA-1D58D1C27A56}
	EndGlobalSection
EndGlobal
