
Microsoft Visual Studio Solution File, Format Version 12.00
# Visual Studio 2017
Project("{FAE04EC0-301F-11D3-BF4B-00C04F79EFBC}") = "Domain.RuleImplementations", "Domain.RuleImplementations.csproj", "{3AD11D46-18DA-4259-8E47-5672B1A08B1A}"
EndProject
Global
	GlobalSection(SolutionConfigurationPlatforms) = preSolution
		Debug|Any CPU = Debug|Any CPU
		Release|Any CPU = Release|Any CPU
	EndGlobalSection
	GlobalSection(ProjectConfigurationPlatforms) = postSolution
		{3AD11D46-18DA-4259-8E47-5672B1A08B1A}.Debug|Any CPU.ActiveCfg = Debug|Any CPU
		{3AD11D46-18DA-4259-8E47-5672B1A08B1A}.Debug|Any CPU.Build.0 = Debug|Any CPU
		{3AD11D46-18DA-4259-8E47-5672B1A08B1A}.Release|Any CPU.ActiveCfg = Release|Any CPU
		{3AD11D46-18DA-4259-8E47-5672B1A08B1A}.Release|Any CPU.Build.0 = Release|Any CPU
	EndGlobalSection
EndGlobal
