
Microsoft Visual Studio Solution File, Format Version 12.00
# Visual Studio 15
VisualStudioVersion = 15.0.26124.0
MinimumVisualStudioVersion = 15.0.26124.0
Project("{FAE04EC0-301F-11D3-BF4B-00C04F79EFBC}") = "Events", "Events\Infrastructure.Events.csproj", "{94B193E9-D91D-4100-82C5-BDA6D8B6BB74}"
EndProject
Project("{FAE04EC0-301F-11D3-BF4B-00C04F79EFBC}") = "Events.Specs", "Events.Specs\Infrastructure.Events.Specs.csproj", "{03D6F7EF-79F9-401E-8504-FD7A6B654090}"
EndProject
Project("{FAE04EC0-301F-11D3-BF4B-00C04F79EFBC}") = "Domain", "Domain\Infrastructure.Domain.csproj", "{FE55B5CE-1FB1-4DDA-8051-C8CAE0A269C5}"
EndProject
Project("{FAE04EC0-301F-11D3-BF4B-00C04F79EFBC}") = "FluentValidation.AspNetCore", "FluentValidation.AspNetCore\FluentValidation.AspNetCore.csproj", "{9173C83E-7ECC-4EC8-807A-DAC34FA60DF7}"
EndProject
Project("{FAE04EC0-301F-11D3-BF4B-00C04F79EFBC}") = "Infrastructure.AspNet", "AspNet\Infrastructure.AspNet.csproj", "{A65CC983-9654-4AC8-AF42-B2D60864E16A}"
EndProject
Project("{FAE04EC0-301F-11D3-BF4B-00C04F79EFBC}") = "Infrastructure.Application", "Application\Infrastructure.Application.csproj", "{C1B2A91A-6BAF-433D-A4BB-8AC5303C80AF}"
EndProject
Project("{FAE04EC0-301F-11D3-BF4B-00C04F79EFBC}") = "Infrastructure.Application.Specs", "Application.Specs\Infrastructure.Application.Specs.csproj", "{0713735A-B2AF-4894-A45E-EB72C16AD972}"
EndProject
Global
	GlobalSection(SolutionConfigurationPlatforms) = preSolution
		Debug|Any CPU = Debug|Any CPU
		Debug|x64 = Debug|x64
		Debug|x86 = Debug|x86
		Release|Any CPU = Release|Any CPU
		Release|x64 = Release|x64
		Release|x86 = Release|x86
	EndGlobalSection
	GlobalSection(SolutionProperties) = preSolution
		HideSolutionNode = FALSE
	EndGlobalSection
	GlobalSection(ProjectConfigurationPlatforms) = postSolution
		{94B193E9-D91D-4100-82C5-BDA6D8B6BB74}.Debug|Any CPU.ActiveCfg = Debug|Any CPU
		{94B193E9-D91D-4100-82C5-BDA6D8B6BB74}.Debug|Any CPU.Build.0 = Debug|Any CPU
		{94B193E9-D91D-4100-82C5-BDA6D8B6BB74}.Debug|x64.ActiveCfg = Debug|x64
		{94B193E9-D91D-4100-82C5-BDA6D8B6BB74}.Debug|x64.Build.0 = Debug|x64
		{94B193E9-D91D-4100-82C5-BDA6D8B6BB74}.Debug|x86.ActiveCfg = Debug|x86
		{94B193E9-D91D-4100-82C5-BDA6D8B6BB74}.Debug|x86.Build.0 = Debug|x86
		{94B193E9-D91D-4100-82C5-BDA6D8B6BB74}.Release|Any CPU.ActiveCfg = Release|Any CPU
		{94B193E9-D91D-4100-82C5-BDA6D8B6BB74}.Release|Any CPU.Build.0 = Release|Any CPU
		{94B193E9-D91D-4100-82C5-BDA6D8B6BB74}.Release|x64.ActiveCfg = Release|x64
		{94B193E9-D91D-4100-82C5-BDA6D8B6BB74}.Release|x64.Build.0 = Release|x64
		{94B193E9-D91D-4100-82C5-BDA6D8B6BB74}.Release|x86.ActiveCfg = Release|x86
		{94B193E9-D91D-4100-82C5-BDA6D8B6BB74}.Release|x86.Build.0 = Release|x86
		{03D6F7EF-79F9-401E-8504-FD7A6B654090}.Debug|Any CPU.ActiveCfg = Debug|Any CPU
		{03D6F7EF-79F9-401E-8504-FD7A6B654090}.Debug|Any CPU.Build.0 = Debug|Any CPU
		{03D6F7EF-79F9-401E-8504-FD7A6B654090}.Debug|x64.ActiveCfg = Debug|x64
		{03D6F7EF-79F9-401E-8504-FD7A6B654090}.Debug|x64.Build.0 = Debug|x64
		{03D6F7EF-79F9-401E-8504-FD7A6B654090}.Debug|x86.ActiveCfg = Debug|x86
		{03D6F7EF-79F9-401E-8504-FD7A6B654090}.Debug|x86.Build.0 = Debug|x86
		{03D6F7EF-79F9-401E-8504-FD7A6B654090}.Release|Any CPU.ActiveCfg = Release|Any CPU
		{03D6F7EF-79F9-401E-8504-FD7A6B654090}.Release|Any CPU.Build.0 = Release|Any CPU
		{03D6F7EF-79F9-401E-8504-FD7A6B654090}.Release|x64.ActiveCfg = Release|x64
		{03D6F7EF-79F9-401E-8504-FD7A6B654090}.Release|x64.Build.0 = Release|x64
		{03D6F7EF-79F9-401E-8504-FD7A6B654090}.Release|x86.ActiveCfg = Release|x86
		{03D6F7EF-79F9-401E-8504-FD7A6B654090}.Release|x86.Build.0 = Release|x86
		{FE55B5CE-1FB1-4DDA-8051-C8CAE0A269C5}.Debug|Any CPU.ActiveCfg = Debug|Any CPU
		{FE55B5CE-1FB1-4DDA-8051-C8CAE0A269C5}.Debug|Any CPU.Build.0 = Debug|Any CPU
		{FE55B5CE-1FB1-4DDA-8051-C8CAE0A269C5}.Debug|x64.ActiveCfg = Debug|x64
		{FE55B5CE-1FB1-4DDA-8051-C8CAE0A269C5}.Debug|x64.Build.0 = Debug|x64
		{FE55B5CE-1FB1-4DDA-8051-C8CAE0A269C5}.Debug|x86.ActiveCfg = Debug|x86
		{FE55B5CE-1FB1-4DDA-8051-C8CAE0A269C5}.Debug|x86.Build.0 = Debug|x86
		{FE55B5CE-1FB1-4DDA-8051-C8CAE0A269C5}.Release|Any CPU.ActiveCfg = Release|Any CPU
		{FE55B5CE-1FB1-4DDA-8051-C8CAE0A269C5}.Release|Any CPU.Build.0 = Release|Any CPU
		{FE55B5CE-1FB1-4DDA-8051-C8CAE0A269C5}.Release|x64.ActiveCfg = Release|x64
		{FE55B5CE-1FB1-4DDA-8051-C8CAE0A269C5}.Release|x64.Build.0 = Release|x64
		{FE55B5CE-1FB1-4DDA-8051-C8CAE0A269C5}.Release|x86.ActiveCfg = Release|x86
		{FE55B5CE-1FB1-4DDA-8051-C8CAE0A269C5}.Release|x86.Build.0 = Release|x86
		{9173C83E-7ECC-4EC8-807A-DAC34FA60DF7}.Debug|Any CPU.ActiveCfg = Debug|Any CPU
		{9173C83E-7ECC-4EC8-807A-DAC34FA60DF7}.Debug|Any CPU.Build.0 = Debug|Any CPU
		{9173C83E-7ECC-4EC8-807A-DAC34FA60DF7}.Debug|x64.ActiveCfg = Debug|x64
		{9173C83E-7ECC-4EC8-807A-DAC34FA60DF7}.Debug|x64.Build.0 = Debug|x64
		{9173C83E-7ECC-4EC8-807A-DAC34FA60DF7}.Debug|x86.ActiveCfg = Debug|x86
		{9173C83E-7ECC-4EC8-807A-DAC34FA60DF7}.Debug|x86.Build.0 = Debug|x86
		{9173C83E-7ECC-4EC8-807A-DAC34FA60DF7}.Release|Any CPU.ActiveCfg = Release|Any CPU
		{9173C83E-7ECC-4EC8-807A-DAC34FA60DF7}.Release|Any CPU.Build.0 = Release|Any CPU
		{9173C83E-7ECC-4EC8-807A-DAC34FA60DF7}.Release|x64.ActiveCfg = Release|x64
		{9173C83E-7ECC-4EC8-807A-DAC34FA60DF7}.Release|x64.Build.0 = Release|x64
		{9173C83E-7ECC-4EC8-807A-DAC34FA60DF7}.Release|x86.ActiveCfg = Release|x86
		{9173C83E-7ECC-4EC8-807A-DAC34FA60DF7}.Release|x86.Build.0 = Release|x86
		{A65CC983-9654-4AC8-AF42-B2D60864E16A}.Debug|Any CPU.ActiveCfg = Debug|Any CPU
		{A65CC983-9654-4AC8-AF42-B2D60864E16A}.Debug|Any CPU.Build.0 = Debug|Any CPU
		{A65CC983-9654-4AC8-AF42-B2D60864E16A}.Debug|x64.ActiveCfg = Debug|x64
		{A65CC983-9654-4AC8-AF42-B2D60864E16A}.Debug|x64.Build.0 = Debug|x64
		{A65CC983-9654-4AC8-AF42-B2D60864E16A}.Debug|x86.ActiveCfg = Debug|x86
		{A65CC983-9654-4AC8-AF42-B2D60864E16A}.Debug|x86.Build.0 = Debug|x86
		{A65CC983-9654-4AC8-AF42-B2D60864E16A}.Release|Any CPU.ActiveCfg = Release|Any CPU
		{A65CC983-9654-4AC8-AF42-B2D60864E16A}.Release|Any CPU.Build.0 = Release|Any CPU
		{A65CC983-9654-4AC8-AF42-B2D60864E16A}.Release|x64.ActiveCfg = Release|x64
		{A65CC983-9654-4AC8-AF42-B2D60864E16A}.Release|x64.Build.0 = Release|x64
		{A65CC983-9654-4AC8-AF42-B2D60864E16A}.Release|x86.ActiveCfg = Release|x86
		{A65CC983-9654-4AC8-AF42-B2D60864E16A}.Release|x86.Build.0 = Release|x86
		{C1B2A91A-6BAF-433D-A4BB-8AC5303C80AF}.Debug|Any CPU.ActiveCfg = Debug|Any CPU
		{C1B2A91A-6BAF-433D-A4BB-8AC5303C80AF}.Debug|Any CPU.Build.0 = Debug|Any CPU
		{C1B2A91A-6BAF-433D-A4BB-8AC5303C80AF}.Debug|x64.ActiveCfg = Debug|x64
		{C1B2A91A-6BAF-433D-A4BB-8AC5303C80AF}.Debug|x64.Build.0 = Debug|x64
		{C1B2A91A-6BAF-433D-A4BB-8AC5303C80AF}.Debug|x86.ActiveCfg = Debug|x86
		{C1B2A91A-6BAF-433D-A4BB-8AC5303C80AF}.Debug|x86.Build.0 = Debug|x86
		{C1B2A91A-6BAF-433D-A4BB-8AC5303C80AF}.Release|Any CPU.ActiveCfg = Release|Any CPU
		{C1B2A91A-6BAF-433D-A4BB-8AC5303C80AF}.Release|Any CPU.Build.0 = Release|Any CPU
		{C1B2A91A-6BAF-433D-A4BB-8AC5303C80AF}.Release|x64.ActiveCfg = Release|x64
		{C1B2A91A-6BAF-433D-A4BB-8AC5303C80AF}.Release|x64.Build.0 = Release|x64
		{C1B2A91A-6BAF-433D-A4BB-8AC5303C80AF}.Release|x86.ActiveCfg = Release|x86
		{C1B2A91A-6BAF-433D-A4BB-8AC5303C80AF}.Release|x86.Build.0 = Release|x86
		{0713735A-B2AF-4894-A45E-EB72C16AD972}.Debug|Any CPU.ActiveCfg = Debug|Any CPU
		{0713735A-B2AF-4894-A45E-EB72C16AD972}.Debug|Any CPU.Build.0 = Debug|Any CPU
		{0713735A-B2AF-4894-A45E-EB72C16AD972}.Debug|x64.ActiveCfg = Debug|x64
		{0713735A-B2AF-4894-A45E-EB72C16AD972}.Debug|x64.Build.0 = Debug|x64
		{0713735A-B2AF-4894-A45E-EB72C16AD972}.Debug|x86.ActiveCfg = Debug|x86
		{0713735A-B2AF-4894-A45E-EB72C16AD972}.Debug|x86.Build.0 = Debug|x86
		{0713735A-B2AF-4894-A45E-EB72C16AD972}.Release|Any CPU.ActiveCfg = Release|Any CPU
		{0713735A-B2AF-4894-A45E-EB72C16AD972}.Release|Any CPU.Build.0 = Release|Any CPU
		{0713735A-B2AF-4894-A45E-EB72C16AD972}.Release|x64.ActiveCfg = Release|x64
		{0713735A-B2AF-4894-A45E-EB72C16AD972}.Release|x64.Build.0 = Release|x64
		{0713735A-B2AF-4894-A45E-EB72C16AD972}.Release|x86.ActiveCfg = Release|x86
		{0713735A-B2AF-4894-A45E-EB72C16AD972}.Release|x86.Build.0 = Release|x86
	EndGlobalSection
EndGlobal
